// !$*UTF8*$!
{
	archiveVersion = 1;
	classes = {
	};
	objectVersion = 56;
	objects = {

/* Begin PBXBuildFile section */
		4BCD93C42AA1E3D200FBA5B3 /* AppDelegate.swift in Sources */ = {isa = PBXBuildFile; fileRef = 4BCD93C32AA1E3D200FBA5B3 /* AppDelegate.swift */; };
		4BCD93C62AA1E3D200FBA5B3 /* SceneDelegate.swift in Sources */ = {isa = PBXBuildFile; fileRef = 4BCD93C52AA1E3D200FBA5B3 /* SceneDelegate.swift */; };
		4BCD93C82AA1E3D200FBA5B3 /* ViewController.swift in Sources */ = {isa = PBXBuildFile; fileRef = 4BCD93C72AA1E3D200FBA5B3 /* ViewController.swift */; };
		4BCD93CB2AA1E3D200FBA5B3 /* Main.storyboard in Resources */ = {isa = PBXBuildFile; fileRef = 4BCD93C92AA1E3D200FBA5B3 /* Main.storyboard */; };
		4BCD93CD2AA1E3D300FBA5B3 /* Assets.xcassets in Resources */ = {isa = PBXBuildFile; fileRef = 4BCD93CC2AA1E3D300FBA5B3 /* Assets.xcassets */; };
		4BCD93D02AA1E3D300FBA5B3 /* LaunchScreen.storyboard in Resources */ = {isa = PBXBuildFile; fileRef = 4BCD93CE2AA1E3D300FBA5B3 /* LaunchScreen.storyboard */; };
		4BCD93DE2AA1ECBA00FBA5B3 /* ShorcutTest.swift in Sources */ = {isa = PBXBuildFile; fileRef = 4BCD93DD2AA1ECBA00FBA5B3 /* ShorcutTest.swift */; };
		4BCD93E02AA1ECBA00FBA5B3 /* ShorcutTestLaunchTests.swift in Sources */ = {isa = PBXBuildFile; fileRef = 4BCD93DF2AA1ECBA00FBA5B3 /* ShorcutTestLaunchTests.swift */; };
/* End PBXBuildFile section */

/* Begin PBXContainerItemProxy section */
		4BCD93E12AA1ECBA00FBA5B3 /* PBXContainerItemProxy */ = {
			isa = PBXContainerItemProxy;
			containerPortal = 4BCD93B82AA1E3D200FBA5B3 /* Project object */;
			proxyType = 1;
			remoteGlobalIDString = 4BCD93BF2AA1E3D200FBA5B3;
			remoteInfo = ShortcutDemo;
		};
/* End PBXContainerItemProxy section */

/* Begin PBXFileReference section */
		4BCD93C02AA1E3D200FBA5B3 /* ShortcutDemo.app */ = {isa = PBXFileReference; explicitFileType = wrapper.application; includeInIndex = 0; path = ShortcutDemo.app; sourceTree = BUILT_PRODUCTS_DIR; };
		4BCD93C32AA1E3D200FBA5B3 /* AppDelegate.swift */ = {isa = PBXFileReference; lastKnownFileType = sourcecode.swift; path = AppDelegate.swift; sourceTree = "<group>"; };
		4BCD93C52AA1E3D200FBA5B3 /* SceneDelegate.swift */ = {isa = PBXFileReference; lastKnownFileType = sourcecode.swift; path = SceneDelegate.swift; sourceTree = "<group>"; };
		4BCD93C72AA1E3D200FBA5B3 /* ViewController.swift */ = {isa = PBXFileReference; lastKnownFileType = sourcecode.swift; path = ViewController.swift; sourceTree = "<group>"; };
		4BCD93CA2AA1E3D200FBA5B3 /* Base */ = {isa = PBXFileReference; lastKnownFileType = file.storyboard; name = Base; path = Base.lproj/Main.storyboard; sourceTree = "<group>"; };
		4BCD93CC2AA1E3D300FBA5B3 /* Assets.xcassets */ = {isa = PBXFileReference; lastKnownFileType = folder.assetcatalog; path = Assets.xcassets; sourceTree = "<group>"; };
		4BCD93CF2AA1E3D300FBA5B3 /* Base */ = {isa = PBXFileReference; lastKnownFileType = file.storyboard; name = Base; path = Base.lproj/LaunchScreen.storyboard; sourceTree = "<group>"; };
		4BCD93D12AA1E3D300FBA5B3 /* Info.plist */ = {isa = PBXFileReference; lastKnownFileType = text.plist.xml; path = Info.plist; sourceTree = "<group>"; };
		4BCD93DB2AA1ECBA00FBA5B3 /* ShorcutTest.xctest */ = {isa = PBXFileReference; explicitFileType = wrapper.cfbundle; includeInIndex = 0; path = ShorcutTest.xctest; sourceTree = BUILT_PRODUCTS_DIR; };
		4BCD93DD2AA1ECBA00FBA5B3 /* ShorcutTest.swift */ = {isa = PBXFileReference; lastKnownFileType = sourcecode.swift; path = ShorcutTest.swift; sourceTree = "<group>"; };
		4BCD93DF2AA1ECBA00FBA5B3 /* ShorcutTestLaunchTests.swift */ = {isa = PBXFileReference; lastKnownFileType = sourcecode.swift; path = ShorcutTestLaunchTests.swift; sourceTree = "<group>"; };
/* End PBXFileReference section */

/* Begin PBXFrameworksBuildPhase section */
		4BCD93BD2AA1E3D200FBA5B3 /* Frameworks */ = {
			isa = PBXFrameworksBuildPhase;
			buildActionMask = 2147483647;
			files = (
			);
			runOnlyForDeploymentPostprocessing = 0;
		};
		4BCD93D82AA1ECBA00FBA5B3 /* Frameworks */ = {
			isa = PBXFrameworksBuildPhase;
			buildActionMask = 2147483647;
			files = (
			);
			runOnlyForDeploymentPostprocessing = 0;
		};
/* End PBXFrameworksBuildPhase section */

/* Begin PBXGroup section */
		4BCD93B72AA1E3D200FBA5B3 = {
			isa = PBXGroup;
			children = (
				4BCD93C22AA1E3D200FBA5B3 /* ShortcutDemo */,
				4BCD93DC2AA1ECBA00FBA5B3 /* ShorcutTest */,
				4BCD93C12AA1E3D200FBA5B3 /* Products */,
			);
			sourceTree = "<group>";
		};
		4BCD93C12AA1E3D200FBA5B3 /* Products */ = {
			isa = PBXGroup;
			children = (
				4BCD93C02AA1E3D200FBA5B3 /* ShortcutDemo.app */,
				4BCD93DB2AA1ECBA00FBA5B3 /* ShorcutTest.xctest */,
			);
			name = Products;
			sourceTree = "<group>";
		};
		4BCD93C22AA1E3D200FBA5B3 /* ShortcutDemo */ = {
			isa = PBXGroup;
			children = (
				4BCD93C32AA1E3D200FBA5B3 /* AppDelegate.swift */,
				4BCD93C52AA1E3D200FBA5B3 /* SceneDelegate.swift */,
				4BCD93C72AA1E3D200FBA5B3 /* ViewController.swift */,
				4BCD93C92AA1E3D200FBA5B3 /* Main.storyboard */,
				4BCD93CC2AA1E3D300FBA5B3 /* Assets.xcassets */,
				4BCD93CE2AA1E3D300FBA5B3 /* LaunchScreen.storyboard */,
				4BCD93D12AA1E3D300FBA5B3 /* Info.plist */,
			);
			path = ShortcutDemo;
			sourceTree = "<group>";
		};
		4BCD93DC2AA1ECBA00FBA5B3 /* ShorcutTest */ = {
			isa = PBXGroup;
			children = (
				4BCD93DD2AA1ECBA00FBA5B3 /* ShorcutTest.swift */,
				4BCD93DF2AA1ECBA00FBA5B3 /* ShorcutTestLaunchTests.swift */,
			);
			path = ShorcutTest;
			sourceTree = "<group>";
		};
/* End PBXGroup section */

/* Begin PBXNativeTarget section */
		4BCD93BF2AA1E3D200FBA5B3 /* ShortcutDemo */ = {
			isa = PBXNativeTarget;
			buildConfigurationList = 4BCD93D42AA1E3D300FBA5B3 /* Build configuration list for PBXNativeTarget "ShortcutDemo" */;
			buildPhases = (
				4BCD93BC2AA1E3D200FBA5B3 /* Sources */,
				4BCD93BD2AA1E3D200FBA5B3 /* Frameworks */,
				4BCD93BE2AA1E3D200FBA5B3 /* Resources */,
			);
			buildRules = (
			);
			dependencies = (
			);
			name = ShortcutDemo;
			productName = ShortcutDemo;
			productReference = 4BCD93C02AA1E3D200FBA5B3 /* ShortcutDemo.app */;
			productType = "com.apple.product-type.application";
		};
		4BCD93DA2AA1ECBA00FBA5B3 /* ShorcutTest */ = {
			isa = PBXNativeTarget;
			buildConfigurationList = 4BCD93E52AA1ECBA00FBA5B3 /* Build configuration list for PBXNativeTarget "ShorcutTest" */;
			buildPhases = (
				4BCD93D72AA1ECBA00FBA5B3 /* Sources */,
				4BCD93D82AA1ECBA00FBA5B3 /* Frameworks */,
				4BCD93D92AA1ECBA00FBA5B3 /* Resources */,
			);
			buildRules = (
			);
			dependencies = (
				4BCD93E22AA1ECBA00FBA5B3 /* PBXTargetDependency */,
			);
			name = ShorcutTest;
			productName = ShorcutTest;
			productReference = 4BCD93DB2AA1ECBA00FBA5B3 /* ShorcutTest.xctest */;
			productType = "com.apple.product-type.bundle.ui-testing";
		};
/* End PBXNativeTarget section */

/* Begin PBXProject section */
		4BCD93B82AA1E3D200FBA5B3 /* Project object */ = {
			isa = PBXProject;
			attributes = {
				BuildIndependentTargetsInParallel = 1;
				LastSwiftUpdateCheck = 1420;
				LastUpgradeCheck = 1420;
				TargetAttributes = {
					4BCD93BF2AA1E3D200FBA5B3 = {
						CreatedOnToolsVersion = 14.2;
					};
					4BCD93DA2AA1ECBA00FBA5B3 = {
						CreatedOnToolsVersion = 14.2;
						TestTargetID = 4BCD93BF2AA1E3D200FBA5B3;
					};
				};
			};
			buildConfigurationList = 4BCD93BB2AA1E3D200FBA5B3 /* Build configuration list for PBXProject "ShortcutDemo" */;
			compatibilityVersion = "Xcode 14.0";
			developmentRegion = en;
			hasScannedForEncodings = 0;
			knownRegions = (
				en,
				Base,
			);
			mainGroup = 4BCD93B72AA1E3D200FBA5B3;
			productRefGroup = 4BCD93C12AA1E3D200FBA5B3 /* Products */;
			projectDirPath = "";
			projectRoot = "";
			targets = (
				4BCD93BF2AA1E3D200FBA5B3 /* ShortcutDemo */,
				4BCD93DA2AA1ECBA00FBA5B3 /* ShorcutTest */,
			);
		};
/* End PBXProject section */

/* Begin PBXResourcesBuildPhase section */
		4BCD93BE2AA1E3D200FBA5B3 /* Resources */ = {
			isa = PBXResourcesBuildPhase;
			buildActionMask = 2147483647;
			files = (
				4BCD93D02AA1E3D300FBA5B3 /* LaunchScreen.storyboard in Resources */,
				4BCD93CD2AA1E3D300FBA5B3 /* Assets.xcassets in Resources */,
				4BCD93CB2AA1E3D200FBA5B3 /* Main.storyboard in Resources */,
			);
			runOnlyForDeploymentPostprocessing = 0;
		};
		4BCD93D92AA1ECBA00FBA5B3 /* Resources */ = {
			isa = PBXResourcesBuildPhase;
			buildActionMask = 2147483647;
			files = (
			);
			runOnlyForDeploymentPostprocessing = 0;
		};
/* End PBXResourcesBuildPhase section */

/* Begin PBXSourcesBuildPhase section */
		4BCD93BC2AA1E3D200FBA5B3 /* Sources */ = {
			isa = PBXSourcesBuildPhase;
			buildActionMask = 2147483647;
			files = (
				4BCD93C82AA1E3D200FBA5B3 /* ViewController.swift in Sources */,
				4BCD93C42AA1E3D200FBA5B3 /* AppDelegate.swift in Sources */,
				4BCD93C62AA1E3D200FBA5B3 /* SceneDelegate.swift in Sources */,
			);
			runOnlyForDeploymentPostprocessing = 0;
		};
		4BCD93D72AA1ECBA00FBA5B3 /* Sources */ = {
			isa = PBXSourcesBuildPhase;
			buildActionMask = 2147483647;
			files = (
				4BCD93DE2AA1ECBA00FBA5B3 /* ShorcutTest.swift in Sources */,
				4BCD93E02AA1ECBA00FBA5B3 /* ShorcutTestLaunchTests.swift in Sources */,
			);
			runOnlyForDeploymentPostprocessing = 0;
		};
/* End PBXSourcesBuildPhase section */

/* Begin PBXTargetDependency section */
		4BCD93E22AA1ECBA00FBA5B3 /* PBXTargetDependency */ = {
			isa = PBXTargetDependency;
			target = 4BCD93BF2AA1E3D200FBA5B3 /* ShortcutDemo */;
			targetProxy = 4BCD93E12AA1ECBA00FBA5B3 /* PBXContainerItemProxy */;
		};
/* End PBXTargetDependency section */

/* Begin PBXVariantGroup section */
		4BCD93C92AA1E3D200FBA5B3 /* Main.storyboard */ = {
			isa = PBXVariantGroup;
			children = (
				4BCD93CA2AA1E3D200FBA5B3 /* Base */,
			);
			name = Main.storyboard;
			sourceTree = "<group>";
		};
		4BCD93CE2AA1E3D300FBA5B3 /* LaunchScreen.storyboard */ = {
			isa = PBXVariantGroup;
			children = (
				4BCD93CF2AA1E3D300FBA5B3 /* Base */,
			);
			name = LaunchScreen.storyboard;
			sourceTree = "<group>";
		};
/* End PBXVariantGroup section */

/* Begin XCBuildConfiguration section */
		4BCD93D22AA1E3D300FBA5B3 /* Debug */ = {
			isa = XCBuildConfiguration;
			buildSettings = {
				ALWAYS_SEARCH_USER_PATHS = NO;
				CLANG_ANALYZER_NONNULL = YES;
				CLANG_ANALYZER_NUMBER_OBJECT_CONVERSION = YES_AGGRESSIVE;
				CLANG_CXX_LANGUAGE_STANDARD = "gnu++20";
				CLANG_ENABLE_MODULES = YES;
				CLANG_ENABLE_OBJC_ARC = YES;
				CLANG_ENABLE_OBJC_WEAK = YES;
				CLANG_WARN_BLOCK_CAPTURE_AUTORELEASING = YES;
				CLANG_WARN_BOOL_CONVERSION = YES;
				CLANG_WARN_COMMA = YES;
				CLANG_WARN_CONSTANT_CONVERSION = YES;
				CLANG_WARN_DEPRECATED_OBJC_IMPLEMENTATIONS = YES;
				CLANG_WARN_DIRECT_OBJC_ISA_USAGE = YES_ERROR;
				CLANG_WARN_DOCUMENTATION_COMMENTS = YES;
				CLANG_WARN_EMPTY_BODY = YES;
				CLANG_WARN_ENUM_CONVERSION = YES;
				CLANG_WARN_INFINITE_RECURSION = YES;
				CLANG_WARN_INT_CONVERSION = YES;
				CLANG_WARN_NON_LITERAL_NULL_CONVERSION = YES;
				CLANG_WARN_OBJC_IMPLICIT_RETAIN_SELF = YES;
				CLANG_WARN_OBJC_LITERAL_CONVERSION = YES;
				CLANG_WARN_OBJC_ROOT_CLASS = YES_ERROR;
				CLANG_WARN_QUOTED_INCLUDE_IN_FRAMEWORK_HEADER = YES;
				CLANG_WARN_RANGE_LOOP_ANALYSIS = YES;
				CLANG_WARN_STRICT_PROTOTYPES = YES;
				CLANG_WARN_SUSPICIOUS_MOVE = YES;
				CLANG_WARN_UNGUARDED_AVAILABILITY = YES_AGGRESSIVE;
				CLANG_WARN_UNREACHABLE_CODE = YES;
				CLANG_WARN__DUPLICATE_METHOD_MATCH = YES;
				COPY_PHASE_STRIP = NO;
				DEBUG_INFORMATION_FORMAT = dwarf;
				ENABLE_STRICT_OBJC_MSGSEND = YES;
				ENABLE_TESTABILITY = YES;
				GCC_C_LANGUAGE_STANDARD = gnu11;
				GCC_DYNAMIC_NO_PIC = NO;
				GCC_NO_COMMON_BLOCKS = YES;
				GCC_OPTIMIZATION_LEVEL = 0;
				GCC_PREPROCESSOR_DEFINITIONS = (
					"DEBUG=1",
					"$(inherited)",
				);
				GCC_WARN_64_TO_32_BIT_CONVERSION = YES;
				GCC_WARN_ABOUT_RETURN_TYPE = YES_ERROR;
				GCC_WARN_UNDECLARED_SELECTOR = YES;
				GCC_WARN_UNINITIALIZED_AUTOS = YES_AGGRESSIVE;
				GCC_WARN_UNUSED_FUNCTION = YES;
				GCC_WARN_UNUSED_VARIABLE = YES;
				IPHONEOS_DEPLOYMENT_TARGET = 16.2;
				MTL_ENABLE_DEBUG_INFO = INCLUDE_SOURCE;
				MTL_FAST_MATH = YES;
				ONLY_ACTIVE_ARCH = YES;
				SDKROOT = iphoneos;
				SWIFT_ACTIVE_COMPILATION_CONDITIONS = DEBUG;
				SWIFT_OPTIMIZATION_LEVEL = "-Onone";
			};
			name = Debug;
		};
		4BCD93D32AA1E3D300FBA5B3 /* Release */ = {
			isa = XCBuildConfiguration;
			buildSettings = {
				ALWAYS_SEARCH_USER_PATHS = NO;
				CLANG_ANALYZER_NONNULL = YES;
				CLANG_ANALYZER_NUMBER_OBJECT_CONVERSION = YES_AGGRESSIVE;
				CLANG_CXX_LANGUAGE_STANDARD = "gnu++20";
				CLANG_ENABLE_MODULES = YES;
				CLANG_ENABLE_OBJC_ARC = YES;
				CLANG_ENABLE_OBJC_WEAK = YES;
				CLANG_WARN_BLOCK_CAPTURE_AUTORELEASING = YES;
				CLANG_WARN_BOOL_CONVERSION = YES;
				CLANG_WARN_COMMA = YES;
				CLANG_WARN_CONSTANT_CONVERSION = YES;
				CLANG_WARN_DEPRECATED_OBJC_IMPLEMENTATIONS = YES;
				CLANG_WARN_DIRECT_OBJC_ISA_USAGE = YES_ERROR;
				CLANG_WARN_DOCUMENTATION_COMMENTS = YES;
				CLANG_WARN_EMPTY_BODY = YES;
				CLANG_WARN_ENUM_CONVERSION = YES;
				CLANG_WARN_INFINITE_RECURSION = YES;
				CLANG_WARN_INT_CONVERSION = YES;
				CLANG_WARN_NON_LITERAL_NULL_CONVERSION = YES;
				CLANG_WARN_OBJC_IMPLICIT_RETAIN_SELF = YES;
				CLANG_WARN_OBJC_LITERAL_CONVERSION = YES;
				CLANG_WARN_OBJC_ROOT_CLASS = YES_ERROR;
				CLANG_WARN_QUOTED_INCLUDE_IN_FRAMEWORK_HEADER = YES;
				CLANG_WARN_RANGE_LOOP_ANALYSIS = YES;
				CLANG_WARN_STRICT_PROTOTYPES = YES;
				CLANG_WARN_SUSPICIOUS_MOVE = YES;
				CLANG_WARN_UNGUARDED_AVAILABILITY = YES_AGGRESSIVE;
				CLANG_WARN_UNREACHABLE_CODE = YES;
				CLANG_WARN__DUPLICATE_METHOD_MATCH = YES;
				COPY_PHASE_STRIP = NO;
				DEBUG_INFORMATION_FORMAT = "dwarf-with-dsym";
				ENABLE_NS_ASSERTIONS = NO;
				ENABLE_STRICT_OBJC_MSGSEND = YES;
				GCC_C_LANGUAGE_STANDARD = gnu11;
				GCC_NO_COMMON_BLOCKS = YES;
				GCC_WARN_64_TO_32_BIT_CONVERSION = YES;
				GCC_WARN_ABOUT_RETURN_TYPE = YES_ERROR;
				GCC_WARN_UNDECLARED_SELECTOR = YES;
				GCC_WARN_UNINITIALIZED_AUTOS = YES_AGGRESSIVE;
				GCC_WARN_UNUSED_FUNCTION = YES;
				GCC_WARN_UNUSED_VARIABLE = YES;
				IPHONEOS_DEPLOYMENT_TARGET = 16.2;
				MTL_ENABLE_DEBUG_INFO = NO;
				MTL_FAST_MATH = YES;
				SDKROOT = iphoneos;
				SWIFT_COMPILATION_MODE = wholemodule;
				SWIFT_OPTIMIZATION_LEVEL = "-O";
				VALIDATE_PRODUCT = YES;
			};
			name = Release;
		};
		4BCD93D52AA1E3D300FBA5B3 /* Debug */ = {
			isa = XCBuildConfiguration;
			buildSettings = {
				ASSETCATALOG_COMPILER_APPICON_NAME = AppIcon;
				ASSETCATALOG_COMPILER_GLOBAL_ACCENT_COLOR_NAME = AccentColor;
				CODE_SIGN_STYLE = Automatic;
				CURRENT_PROJECT_VERSION = 1;
				DEVELOPMENT_TEAM = QNMCTRKH9M;
				GENERATE_INFOPLIST_FILE = YES;
				INFOPLIST_FILE = ShortcutDemo/Info.plist;
				INFOPLIST_KEY_UIApplicationSupportsIndirectInputEvents = YES;
				INFOPLIST_KEY_UILaunchStoryboardName = LaunchScreen;
				INFOPLIST_KEY_UIMainStoryboardFile = Main;
				INFOPLIST_KEY_UISupportedInterfaceOrientations_iPad = "UIInterfaceOrientationPortrait UIInterfaceOrientationPortraitUpsideDown UIInterfaceOrientationLandscapeLeft UIInterfaceOrientationLandscapeRight";
				INFOPLIST_KEY_UISupportedInterfaceOrientations_iPhone = "UIInterfaceOrientationPortrait UIInterfaceOrientationLandscapeLeft UIInterfaceOrientationLandscapeRight";
				LD_RUNPATH_SEARCH_PATHS = (
					"$(inherited)",
					"@executable_path/Frameworks",
				);
				MARKETING_VERSION = 1.0;
				PRODUCT_BUNDLE_IDENTIFIER = com.zpfate.www.ShortcutDemo;
				PRODUCT_NAME = "$(TARGET_NAME)";
				SWIFT_EMIT_LOC_STRINGS = YES;
				SWIFT_VERSION = 5.0;
				TARGETED_DEVICE_FAMILY = "1,2";
			};
			name = Debug;
		};
		4BCD93D62AA1E3D300FBA5B3 /* Release */ = {
			isa = XCBuildConfiguration;
			buildSettings = {
				ASSETCATALOG_COMPILER_APPICON_NAME = AppIcon;
				ASSETCATALOG_COMPILER_GLOBAL_ACCENT_COLOR_NAME = AccentColor;
				CODE_SIGN_STYLE = Automatic;
				CURRENT_PROJECT_VERSION = 1;
				DEVELOPMENT_TEAM = QNMCTRKH9M;
				GENERATE_INFOPLIST_FILE = YES;
				INFOPLIST_FILE = ShortcutDemo/Info.plist;
				INFOPLIST_KEY_UIApplicationSupportsIndirectInputEvents = YES;
				INFOPLIST_KEY_UILaunchStoryboardName = LaunchScreen;
				INFOPLIST_KEY_UIMainStoryboardFile = Main;
				INFOPLIST_KEY_UISupportedInterfaceOrientations_iPad = "UIInterfaceOrientationPortrait UIInterfaceOrientationPortraitUpsideDown UIInterfaceOrientationLandscapeLeft UIInterfaceOrientationLandscapeRight";
				INFOPLIST_KEY_UISupportedInterfaceOrientations_iPhone = "UIInterfaceOrientationPortrait UIInterfaceOrientationLandscapeLeft UIInterfaceOrientationLandscapeRight";
				LD_RUNPATH_SEARCH_PATHS = (
					"$(inherited)",
					"@executable_path/Frameworks",
				);
				MARKETING_VERSION = 1.0;
				PRODUCT_BUNDLE_IDENTIFIER = com.zpfate.www.ShortcutDemo;
				PRODUCT_NAME = "$(TARGET_NAME)";
				SWIFT_EMIT_LOC_STRINGS = YES;
				SWIFT_VERSION = 5.0;
				TARGETED_DEVICE_FAMILY = "1,2";
			};
			name = Release;
		};
		4BCD93E32AA1ECBA00FBA5B3 /* Debug */ = {
			isa = XCBuildConfiguration;
			buildSettings = {
				CODE_SIGN_STYLE = Automatic;
				CURRENT_PROJECT_VERSION = 1;
				DEVELOPMENT_TEAM = QNMCTRKH9M;
				GENERATE_INFOPLIST_FILE = YES;
				MARKETING_VERSION = 1.0;
				PRODUCT_BUNDLE_IDENTIFIER = com.zpfate.www.ShorcutTest;
				PRODUCT_NAME = "$(TARGET_NAME)";
				SWIFT_EMIT_LOC_STRINGS = NO;
				SWIFT_VERSION = 5.0;
				TARGETED_DEVICE_FAMILY = "1,2";
				TEST_TARGET_NAME = ShortcutDemo;
			};
			name = Debug;
		};
		4BCD93E42AA1ECBA00FBA5B3 /* Release */ = {
			isa = XCBuildConfiguration;
			buildSettings = {
				CODE_SIGN_STYLE = Automatic;
				CURRENT_PROJECT_VERSION = 1;
				DEVELOPMENT_TEAM = QNMCTRKH9M;
				GENERATE_INFOPLIST_FILE = YES;
				MARKETING_VERSION = 1.0;
				PRODUCT_BUNDLE_IDENTIFIER = com.zpfate.www.ShorcutTest;
				PRODUCT_NAME = "$(TARGET_NAME)";
				SWIFT_EMIT_LOC_STRINGS = NO;
				SWIFT_VERSION = 5.0;
				TARGETED_DEVICE_FAMILY = "1,2";
				TEST_TARGET_NAME = ShortcutDemo;
			};
			name = Release;
		};
/* End XCBuildConfiguration section */

/* Begin XCConfigurationList section */
		4BCD93BB2AA1E3D200FBA5B3 /* Build configuration list for PBXProject "ShortcutDemo" */ = {
			isa = XCConfigurationList;
			buildConfigurations = (
				4BCD93D22AA1E3D300FBA5B3 /* Debug */,
				4BCD93D32AA1E3D300FBA5B3 /* Release */,
			);
			defaultConfigurationIsVisible = 0;
			defaultConfigurationName = Release;
		};
		4BCD93D42AA1E3D300FBA5B3 /* Build configuration list for PBXNativeTarget "ShortcutDemo" */ = {
			isa = XCConfigurationList;
			buildConfigurations = (
				4BCD93D52AA1E3D300FBA5B3 /* Debug */,
				4BCD93D62AA1E3D300FBA5B3 /* Release */,
			);
			defaultConfigurationIsVisible = 0;
			defaultConfigurationName = Release;
		};
		4BCD93E52AA1ECBA00FBA5B3 /* Build configuration list for PBXNativeTarget "ShorcutTest" */ = {
			isa = XCConfigurationList;
			buildConfigurations = (
				4BCD93E32AA1ECBA00FBA5B3 /* Debug */,
				4BCD93E42AA1ECBA00FBA5B3 /* Release */,
			);
			defaultConfigurationIsVisible = 0;
			defaultConfigurationName = Release;
		};
/* End XCConfigurationList section */
	};
	rootObject = 4BCD93B82AA1E3D200FBA5B3 /* Project object */;
}
