// !$*UTF8*$!
{
	archiveVersion = 1;
	classes = {
	};
	objectVersion = 55;
	objects = {

/* Begin PBXBuildFile section */
		4B02628E2C05AB3D00AE2B3B /* Solution84.swift in Sources */ = {isa = PBXBuildFile; fileRef = 4B02628D2C05AB3D00AE2B3B /* Solution84.swift */; };
		4B0262912C084E4500AE2B3B /* Solution704.swift in Sources */ = {isa = PBXBuildFile; fileRef = 4B0262902C084E4500AE2B3B /* Solution704.swift */; };
		4B0262942C08517800AE2B3B /* Solution852.swift in Sources */ = {isa = PBXBuildFile; fileRef = 4B0262932C08517800AE2B3B /* Solution852.swift */; };
		4B0262972C0DAFAA00AE2B3B /* Solution278.swift in Sources */ = {isa = PBXBuildFile; fileRef = 4B0262962C0DAFAA00AE2B3B /* Solution278.swift */; };
		4B02629B2C0F05CA00AE2B3B /* Solution35.swift in Sources */ = {isa = PBXBuildFile; fileRef = 4B02629A2C0F05CA00AE2B3B /* Solution35.swift */; };
		4B13C7502BF48CD00032004B /* Solution496.swift in Sources */ = {isa = PBXBuildFile; fileRef = 4B13C74F2BF48CD00032004B /* Solution496.swift */; };
		4B13C7532BF5A2AC0032004B /* Solution509.swift in Sources */ = {isa = PBXBuildFile; fileRef = 4B13C7522BF5A2AC0032004B /* Solution509.swift */; };
		4B13C7562BF5A8590032004B /* Solution1137.swift in Sources */ = {isa = PBXBuildFile; fileRef = 4B13C7552BF5A8590032004B /* Solution1137.swift */; };
		4B13C7592BF5D8F80032004B /* Solution213.swift in Sources */ = {isa = PBXBuildFile; fileRef = 4B13C7582BF5D8F80032004B /* Solution213.swift */; };
		4B13C75C2BF5E1C30032004B /* Solution198.swift in Sources */ = {isa = PBXBuildFile; fileRef = 4B13C75B2BF5E1C30032004B /* Solution198.swift */; };
		4B13C75F2BFDC8DC0032004B /* Solution300.swift in Sources */ = {isa = PBXBuildFile; fileRef = 4B13C75E2BFDC8DC0032004B /* Solution300.swift */; };
		4B13C7622BFDD05D0032004B /* Solution150.swift in Sources */ = {isa = PBXBuildFile; fileRef = 4B13C7612BFDD05D0032004B /* Solution150.swift */; };
		4B37D1912A8CBD63007E6D13 /* Solution74.swift in Sources */ = {isa = PBXBuildFile; fileRef = 4B37D1902A8CBD63007E6D13 /* Solution74.swift */; };
		4B50DA212A6FD9B700DB8FB3 /* Solution739.swift in Sources */ = {isa = PBXBuildFile; fileRef = 4B50DA202A6FD9B700DB8FB3 /* Solution739.swift */; };
		4B68FE8F2A97519B009FA727 /* Solution20.swift in Sources */ = {isa = PBXBuildFile; fileRef = 4B68FE8E2A97519B009FA727 /* Solution20.swift */; };
		4B68FE922A9754CA009FA727 /* Solution905.swift in Sources */ = {isa = PBXBuildFile; fileRef = 4B68FE912A9754CA009FA727 /* Solution905.swift */; };
		4B68FE952A9758C0009FA727 /* Solution69.swift in Sources */ = {isa = PBXBuildFile; fileRef = 4B68FE942A9758C0009FA727 /* Solution69.swift */; };
		4B6DC9682C17ED20008A9C1E /* Solution34.swift in Sources */ = {isa = PBXBuildFile; fileRef = 4B6DC9672C17ED20008A9C1E /* Solution34.swift */; };
		4B6DC96B2C193C31008A9C1E /* Solution154.swift in Sources */ = {isa = PBXBuildFile; fileRef = 4B6DC96A2C193C31008A9C1E /* Solution154.swift */; };
		4B6DC96E2C196EB3008A9C1E /* Solution153.swift in Sources */ = {isa = PBXBuildFile; fileRef = 4B6DC96D2C196EB3008A9C1E /* Solution153.swift */; };
		4B6DC9702C1977E3008A9C1E /* Solution62.swift in Sources */ = {isa = PBXBuildFile; fileRef = 4B6DC96F2C1977E3008A9C1E /* Solution62.swift */; };
		4B6DC9732C1C116F008A9C1E /* Solution221.swift in Sources */ = {isa = PBXBuildFile; fileRef = 4B6DC9722C1C116F008A9C1E /* Solution221.swift */; };
		4B6DC9792C1C1626008A9C1E /* Solution174.swift in Sources */ = {isa = PBXBuildFile; fileRef = 4B6DC9782C1C1626008A9C1E /* Solution174.swift */; };
		4B6DC9882C226FF6008A9C1E /* Solution416.swift in Sources */ = {isa = PBXBuildFile; fileRef = 4B6DC9872C226FF6008A9C1E /* Solution416.swift */; };
		4B6DC98B2C255FAB008A9C1E /* SolutionLCP61.swift in Sources */ = {isa = PBXBuildFile; fileRef = 4B6DC98A2C255FAB008A9C1E /* SolutionLCP61.swift */; };
		4B6DC9902C2824F0008A9C1E /* Solution520.swift in Sources */ = {isa = PBXBuildFile; fileRef = 4B6DC98F2C2824F0008A9C1E /* Solution520.swift */; };
		4B82BCAB2A1F5DDB00A4E716 /* Solution14.swift in Sources */ = {isa = PBXBuildFile; fileRef = 4B82BCAA2A1F5DDB00A4E716 /* Solution14.swift */; };
		4BA19FCA2AA02E36008F33BF /* Solution876.swift in Sources */ = {isa = PBXBuildFile; fileRef = 4BA19FC92AA02E36008F33BF /* Solution876.swift */; };
		4BA19FCD2AA0A37D008F33BF /* Solution141.swift in Sources */ = {isa = PBXBuildFile; fileRef = 4BA19FCC2AA0A37D008F33BF /* Solution141.swift */; };
		4BA19FD02AA0AA39008F33BF /* Solution19.swift in Sources */ = {isa = PBXBuildFile; fileRef = 4BA19FCF2AA0AA39008F33BF /* Solution19.swift */; };
		4BCADB382BE8AED000BDB948 /* Solution.swift in Sources */ = {isa = PBXBuildFile; fileRef = 4BCADB372BE8AED000BDB948 /* Solution.swift */; };
		4BCADB3A2BE8AF2300BDB948 /* Solution15.swift in Sources */ = {isa = PBXBuildFile; fileRef = 4BCADB392BE8AF2300BDB948 /* Solution15.swift */; };
		4BCADB3D2BE8B6CB00BDB948 /* Sort.swift in Sources */ = {isa = PBXBuildFile; fileRef = 4BCADB3C2BE8B6CB00BDB948 /* Sort.swift */; };
		4BCADB412BEB54ED00BDB948 /* Solution18.swift in Sources */ = {isa = PBXBuildFile; fileRef = 4BCADB402BEB54ED00BDB948 /* Solution18.swift */; };
		4BCADB442BEC99ED00BDB948 /* Solution238.swift in Sources */ = {isa = PBXBuildFile; fileRef = 4BCADB432BEC99ED00BDB948 /* Solution238.swift */; };
		4BCADB472BEDFBC300BDB948 /* Solution303.swift in Sources */ = {isa = PBXBuildFile; fileRef = 4BCADB462BEDFBC300BDB948 /* Solution303.swift */; };
		4BCADB4A2BEF58EA00BDB948 /* Solution1588.swift in Sources */ = {isa = PBXBuildFile; fileRef = 4BCADB492BEF58EA00BDB948 /* Solution1588.swift */; };
		4BCADB4D2BF1A6B900BDB948 /* Solution42.swift in Sources */ = {isa = PBXBuildFile; fileRef = 4BCADB4C2BF1A6B900BDB948 /* Solution42.swift */; };
		4BCADB502BF1A71200BDB948 /* Solution232.swift in Sources */ = {isa = PBXBuildFile; fileRef = 4BCADB4F2BF1A71200BDB948 /* Solution232.swift */; };
		4BCD93EE2AA99BC300FBA5B3 /* Solution442.swift in Sources */ = {isa = PBXBuildFile; fileRef = 4BCD93ED2AA99BC300FBA5B3 /* Solution442.swift */; };
		4BCD93F12AA9D84200FBA5B3 /* Solution206.swift in Sources */ = {isa = PBXBuildFile; fileRef = 4BCD93F02AA9D84200FBA5B3 /* Solution206.swift */; };
		4BCD942D2AB3139B00FBA5B3 /* Solution61.swift in Sources */ = {isa = PBXBuildFile; fileRef = 4BCD942C2AB3139B00FBA5B3 /* Solution61.swift */; };
		4BD1827E2A690F0700333B8A /* Solution88.swift in Sources */ = {isa = PBXBuildFile; fileRef = 4BD1827D2A690F0700333B8A /* Solution88.swift */; };
		5B36B20428C1902C00E14D15 /* main.swift in Sources */ = {isa = PBXBuildFile; fileRef = 5B36B20328C1902C00E14D15 /* main.swift */; };
		5B36B20C28C1911700E14D15 /* Solution1.swift in Sources */ = {isa = PBXBuildFile; fileRef = 5B36B20B28C1911700E14D15 /* Solution1.swift */; };
		5B36B20F28C1917C00E14D15 /* Solution2.swift in Sources */ = {isa = PBXBuildFile; fileRef = 5B36B20E28C1917C00E14D15 /* Solution2.swift */; };
		5B5692782927293200DB792C /* Solution3.swift in Sources */ = {isa = PBXBuildFile; fileRef = 5B5692772927293200DB792C /* Solution3.swift */; };
		5B56927B292736E500DB792C /* Solution4.swift in Sources */ = {isa = PBXBuildFile; fileRef = 5B56927A292736E500DB792C /* Solution4.swift */; };
		5B56927E292751E300DB792C /* Solution5.swift in Sources */ = {isa = PBXBuildFile; fileRef = 5B56927D292751E300DB792C /* Solution5.swift */; };
		5B56928129275A0300DB792C /* StringExample.swift in Sources */ = {isa = PBXBuildFile; fileRef = 5B56928029275A0300DB792C /* StringExample.swift */; };
		5B5692842927739400DB792C /* BubbleSort.swift in Sources */ = {isa = PBXBuildFile; fileRef = 5B5692832927739400DB792C /* BubbleSort.swift */; };
		5B5692862927835E00DB792C /* ShellSort.swift in Sources */ = {isa = PBXBuildFile; fileRef = 5B5692852927835E00DB792C /* ShellSort.swift */; };
		5B5692882927847900DB792C /* InsertSort.swift in Sources */ = {isa = PBXBuildFile; fileRef = 5B5692872927847900DB792C /* InsertSort.swift */; };
		5B56928A292784F000DB792C /* Common.swift in Sources */ = {isa = PBXBuildFile; fileRef = 5B569289292784F000DB792C /* Common.swift */; };
		5BE7DF942928CD0D00FFFB3B /* SelectSort.swift in Sources */ = {isa = PBXBuildFile; fileRef = 5BE7DF932928CD0D00FFFB3B /* SelectSort.swift */; };
		5BE7DF972929BEA300FFFB3B /* Solution9.swift in Sources */ = {isa = PBXBuildFile; fileRef = 5BE7DF962929BEA300FFFB3B /* Solution9.swift */; };
		5BE7DF9A292A567C00FFFB3B /* Solution13.swift in Sources */ = {isa = PBXBuildFile; fileRef = 5BE7DF99292A567C00FFFB3B /* Solution13.swift */; };
/* End PBXBuildFile section */

/* Begin PBXCopyFilesBuildPhase section */
		5B36B1FE28C1902C00E14D15 /* CopyFiles */ = {
			isa = PBXCopyFilesBuildPhase;
			buildActionMask = 2147483647;
			dstPath = /usr/share/man/man1/;
			dstSubfolderSpec = 0;
			files = (
			);
			runOnlyForDeploymentPostprocessing = 1;
		};
/* End PBXCopyFilesBuildPhase section */

/* Begin PBXFileReference section */
		4B02628D2C05AB3D00AE2B3B /* Solution84.swift */ = {isa = PBXFileReference; lastKnownFileType = sourcecode.swift; path = Solution84.swift; sourceTree = "<group>"; };
		4B0262902C084E4500AE2B3B /* Solution704.swift */ = {isa = PBXFileReference; lastKnownFileType = sourcecode.swift; path = Solution704.swift; sourceTree = "<group>"; };
		4B0262932C08517800AE2B3B /* Solution852.swift */ = {isa = PBXFileReference; lastKnownFileType = sourcecode.swift; path = Solution852.swift; sourceTree = "<group>"; };
		4B0262962C0DAFAA00AE2B3B /* Solution278.swift */ = {isa = PBXFileReference; lastKnownFileType = sourcecode.swift; path = Solution278.swift; sourceTree = "<group>"; };
		4B02629A2C0F05CA00AE2B3B /* Solution35.swift */ = {isa = PBXFileReference; lastKnownFileType = sourcecode.swift; path = Solution35.swift; sourceTree = "<group>"; };
		4B13C74F2BF48CD00032004B /* Solution496.swift */ = {isa = PBXFileReference; lastKnownFileType = sourcecode.swift; path = Solution496.swift; sourceTree = "<group>"; };
		4B13C7522BF5A2AC0032004B /* Solution509.swift */ = {isa = PBXFileReference; lastKnownFileType = sourcecode.swift; path = Solution509.swift; sourceTree = "<group>"; };
		4B13C7552BF5A8590032004B /* Solution1137.swift */ = {isa = PBXFileReference; lastKnownFileType = sourcecode.swift; path = Solution1137.swift; sourceTree = "<group>"; };
		4B13C7582BF5D8F80032004B /* Solution213.swift */ = {isa = PBXFileReference; lastKnownFileType = sourcecode.swift; path = Solution213.swift; sourceTree = "<group>"; };
		4B13C75B2BF5E1C30032004B /* Solution198.swift */ = {isa = PBXFileReference; lastKnownFileType = sourcecode.swift; path = Solution198.swift; sourceTree = "<group>"; };
		4B13C75E2BFDC8DC0032004B /* Solution300.swift */ = {isa = PBXFileReference; lastKnownFileType = sourcecode.swift; path = Solution300.swift; sourceTree = "<group>"; };
		4B13C7612BFDD05D0032004B /* Solution150.swift */ = {isa = PBXFileReference; lastKnownFileType = sourcecode.swift; path = Solution150.swift; sourceTree = "<group>"; };
		4B37D1902A8CBD63007E6D13 /* Solution74.swift */ = {isa = PBXFileReference; lastKnownFileType = sourcecode.swift; path = Solution74.swift; sourceTree = "<group>"; };
		4B50DA202A6FD9B700DB8FB3 /* Solution739.swift */ = {isa = PBXFileReference; lastKnownFileType = sourcecode.swift; path = Solution739.swift; sourceTree = "<group>"; };
		4B68FE8E2A97519B009FA727 /* Solution20.swift */ = {isa = PBXFileReference; lastKnownFileType = sourcecode.swift; path = Solution20.swift; sourceTree = "<group>"; };
		4B68FE912A9754CA009FA727 /* Solution905.swift */ = {isa = PBXFileReference; lastKnownFileType = sourcecode.swift; path = Solution905.swift; sourceTree = "<group>"; };
		4B68FE942A9758C0009FA727 /* Solution69.swift */ = {isa = PBXFileReference; lastKnownFileType = sourcecode.swift; path = Solution69.swift; sourceTree = "<group>"; };
		4B6DC9672C17ED20008A9C1E /* Solution34.swift */ = {isa = PBXFileReference; lastKnownFileType = sourcecode.swift; path = Solution34.swift; sourceTree = "<group>"; };
		4B6DC96A2C193C31008A9C1E /* Solution154.swift */ = {isa = PBXFileReference; lastKnownFileType = sourcecode.swift; path = Solution154.swift; sourceTree = "<group>"; };
		4B6DC96D2C196EB3008A9C1E /* Solution153.swift */ = {isa = PBXFileReference; lastKnownFileType = sourcecode.swift; path = Solution153.swift; sourceTree = "<group>"; };
		4B6DC96F2C1977E3008A9C1E /* Solution62.swift */ = {isa = PBXFileReference; lastKnownFileType = sourcecode.swift; path = Solution62.swift; sourceTree = "<group>"; };
		4B6DC9722C1C116F008A9C1E /* Solution221.swift */ = {isa = PBXFileReference; lastKnownFileType = sourcecode.swift; path = Solution221.swift; sourceTree = "<group>"; };
		4B6DC9782C1C1626008A9C1E /* Solution174.swift */ = {isa = PBXFileReference; lastKnownFileType = sourcecode.swift; path = Solution174.swift; sourceTree = "<group>"; };
		4B6DC97A2C1C16D8008A9C1E /* 174. 地下城游戏.md */ = {isa = PBXFileReference; lastKnownFileType = net.daringfireball.markdown; path = "174. 地下城游戏.md"; sourceTree = "<group>"; };
		4B6DC97E2C1C1ADA008A9C1E /* 62. 不同路径.md */ = {isa = PBXFileReference; lastKnownFileType = net.daringfireball.markdown; path = "62. 不同路径.md"; sourceTree = "<group>"; };
		4B6DC97F2C1C1CCF008A9C1E /* 221. 最大正方形.md */ = {isa = PBXFileReference; fileEncoding = 4; lastKnownFileType = net.daringfireball.markdown; path = "221. 最大正方形.md"; sourceTree = "<group>"; };
		4B6DC9802C1C1EC9008A9C1E /* 1. 两数之和.md */ = {isa = PBXFileReference; fileEncoding = 4; lastKnownFileType = net.daringfireball.markdown; path = "1. 两数之和.md"; sourceTree = "<group>"; };
		4B6DC9812C1C2203008A9C1E /* 2. 两数相加.md */ = {isa = PBXFileReference; fileEncoding = 4; lastKnownFileType = net.daringfireball.markdown; path = "2. 两数相加.md"; sourceTree = "<group>"; };
		4B6DC9822C1C220C008A9C1E /* 3. 无重复字符的最长子串.md */ = {isa = PBXFileReference; fileEncoding = 4; lastKnownFileType = net.daringfireball.markdown; path = "3. 无重复字符的最长子串.md"; sourceTree = "<group>"; };
		4B6DC9832C1C221E008A9C1E /* 4. 寻找两个正序数组的中位数.md */ = {isa = PBXFileReference; fileEncoding = 4; lastKnownFileType = net.daringfireball.markdown; path = "4. 寻找两个正序数组的中位数.md"; sourceTree = "<group>"; };
		4B6DC9842C21164B008A9C1E /* 88. 合并两个有序数组.md */ = {isa = PBXFileReference; fileEncoding = 4; lastKnownFileType = net.daringfireball.markdown; path = "88. 合并两个有序数组.md"; sourceTree = "<group>"; };
		4B6DC9852C216606008A9C1E /* 14. 最长公共前缀.md */ = {isa = PBXFileReference; fileEncoding = 4; lastKnownFileType = net.daringfireball.markdown; path = "14. 最长公共前缀.md"; sourceTree = "<group>"; };
		4B6DC9872C226FF6008A9C1E /* Solution416.swift */ = {isa = PBXFileReference; lastKnownFileType = sourcecode.swift; path = Solution416.swift; sourceTree = "<group>"; };
		4B6DC9892C23D0CA008A9C1E /* 5. 最长回文子串.md */ = {isa = PBXFileReference; fileEncoding = 4; lastKnownFileType = net.daringfireball.markdown; path = "5. 最长回文子串.md"; sourceTree = "<group>"; };
		4B6DC98A2C255FAB008A9C1E /* SolutionLCP61.swift */ = {isa = PBXFileReference; lastKnownFileType = sourcecode.swift; path = SolutionLCP61.swift; sourceTree = "<group>"; };
		4B6DC98D2C25605C008A9C1E /* LCP 61. 气温变化趋势.md */ = {isa = PBXFileReference; fileEncoding = 4; lastKnownFileType = net.daringfireball.markdown; path = "LCP 61. 气温变化趋势.md"; sourceTree = "<group>"; };
		4B6DC98F2C2824F0008A9C1E /* Solution520.swift */ = {isa = PBXFileReference; lastKnownFileType = sourcecode.swift; path = Solution520.swift; sourceTree = "<group>"; };
		4B6DC9912C28FEE7008A9C1E /* 520. 检测大写字母.md */ = {isa = PBXFileReference; fileEncoding = 4; lastKnownFileType = net.daringfireball.markdown; path = "520. 检测大写字母.md"; sourceTree = "<group>"; };
		4B82BCAA2A1F5DDB00A4E716 /* Solution14.swift */ = {isa = PBXFileReference; lastKnownFileType = sourcecode.swift; path = Solution14.swift; sourceTree = "<group>"; };
		4BA19FC92AA02E36008F33BF /* Solution876.swift */ = {isa = PBXFileReference; lastKnownFileType = sourcecode.swift; path = Solution876.swift; sourceTree = "<group>"; };
		4BA19FCC2AA0A37D008F33BF /* Solution141.swift */ = {isa = PBXFileReference; lastKnownFileType = sourcecode.swift; path = Solution141.swift; sourceTree = "<group>"; };
		4BA19FCF2AA0AA39008F33BF /* Solution19.swift */ = {isa = PBXFileReference; lastKnownFileType = sourcecode.swift; path = Solution19.swift; sourceTree = "<group>"; };
		4BCADB372BE8AED000BDB948 /* Solution.swift */ = {isa = PBXFileReference; lastKnownFileType = sourcecode.swift; path = Solution.swift; sourceTree = "<group>"; };
		4BCADB392BE8AF2300BDB948 /* Solution15.swift */ = {isa = PBXFileReference; lastKnownFileType = sourcecode.swift; path = Solution15.swift; sourceTree = "<group>"; };
		4BCADB3C2BE8B6CB00BDB948 /* Sort.swift */ = {isa = PBXFileReference; lastKnownFileType = sourcecode.swift; path = Sort.swift; sourceTree = "<group>"; };
		4BCADB3E2BEA0B4D00BDB948 /* ReadMe.md */ = {isa = PBXFileReference; lastKnownFileType = net.daringfireball.markdown; path = ReadMe.md; sourceTree = "<group>"; };
		4BCADB402BEB54ED00BDB948 /* Solution18.swift */ = {isa = PBXFileReference; lastKnownFileType = sourcecode.swift; path = Solution18.swift; sourceTree = "<group>"; };
		4BCADB432BEC99ED00BDB948 /* Solution238.swift */ = {isa = PBXFileReference; lastKnownFileType = sourcecode.swift; path = Solution238.swift; sourceTree = "<group>"; };
		4BCADB462BEDFBC300BDB948 /* Solution303.swift */ = {isa = PBXFileReference; lastKnownFileType = sourcecode.swift; path = Solution303.swift; sourceTree = "<group>"; };
		4BCADB492BEF58EA00BDB948 /* Solution1588.swift */ = {isa = PBXFileReference; lastKnownFileType = sourcecode.swift; path = Solution1588.swift; sourceTree = "<group>"; };
		4BCADB4C2BF1A6B900BDB948 /* Solution42.swift */ = {isa = PBXFileReference; lastKnownFileType = sourcecode.swift; path = Solution42.swift; sourceTree = "<group>"; };
		4BCADB4F2BF1A71200BDB948 /* Solution232.swift */ = {isa = PBXFileReference; lastKnownFileType = sourcecode.swift; path = Solution232.swift; sourceTree = "<group>"; };
		4BCD93ED2AA99BC300FBA5B3 /* Solution442.swift */ = {isa = PBXFileReference; lastKnownFileType = sourcecode.swift; path = Solution442.swift; sourceTree = "<group>"; };
		4BCD93F02AA9D84200FBA5B3 /* Solution206.swift */ = {isa = PBXFileReference; lastKnownFileType = sourcecode.swift; path = Solution206.swift; sourceTree = "<group>"; };
		4BCD942C2AB3139B00FBA5B3 /* Solution61.swift */ = {isa = PBXFileReference; lastKnownFileType = sourcecode.swift; path = Solution61.swift; sourceTree = "<group>"; };
		4BD1827D2A690F0700333B8A /* Solution88.swift */ = {isa = PBXFileReference; lastKnownFileType = sourcecode.swift; path = Solution88.swift; sourceTree = "<group>"; };
		5B36B20028C1902C00E14D15 /* LeetCode */ = {isa = PBXFileReference; explicitFileType = "compiled.mach-o.executable"; includeInIndex = 0; path = LeetCode; sourceTree = BUILT_PRODUCTS_DIR; };
		5B36B20328C1902C00E14D15 /* main.swift */ = {isa = PBXFileReference; lastKnownFileType = sourcecode.swift; path = main.swift; sourceTree = "<group>"; };
		5B36B20B28C1911700E14D15 /* Solution1.swift */ = {isa = PBXFileReference; lastKnownFileType = sourcecode.swift; path = Solution1.swift; sourceTree = "<group>"; };
		5B36B20E28C1917C00E14D15 /* Solution2.swift */ = {isa = PBXFileReference; lastKnownFileType = sourcecode.swift; path = Solution2.swift; sourceTree = "<group>"; };
		5B5692772927293200DB792C /* Solution3.swift */ = {isa = PBXFileReference; lastKnownFileType = sourcecode.swift; path = Solution3.swift; sourceTree = "<group>"; };
		5B56927A292736E500DB792C /* Solution4.swift */ = {isa = PBXFileReference; lastKnownFileType = sourcecode.swift; path = Solution4.swift; sourceTree = "<group>"; };
		5B56927D292751E300DB792C /* Solution5.swift */ = {isa = PBXFileReference; lastKnownFileType = sourcecode.swift; path = Solution5.swift; sourceTree = "<group>"; };
		5B56928029275A0300DB792C /* StringExample.swift */ = {isa = PBXFileReference; lastKnownFileType = sourcecode.swift; path = StringExample.swift; sourceTree = "<group>"; };
		5B5692832927739400DB792C /* BubbleSort.swift */ = {isa = PBXFileReference; lastKnownFileType = sourcecode.swift; path = BubbleSort.swift; sourceTree = "<group>"; };
		5B5692852927835E00DB792C /* ShellSort.swift */ = {isa = PBXFileReference; lastKnownFileType = sourcecode.swift; path = ShellSort.swift; sourceTree = "<group>"; };
		5B5692872927847900DB792C /* InsertSort.swift */ = {isa = PBXFileReference; lastKnownFileType = sourcecode.swift; path = InsertSort.swift; sourceTree = "<group>"; };
		5B569289292784F000DB792C /* Common.swift */ = {isa = PBXFileReference; lastKnownFileType = sourcecode.swift; path = Common.swift; sourceTree = "<group>"; };
		5BE7DF932928CD0D00FFFB3B /* SelectSort.swift */ = {isa = PBXFileReference; lastKnownFileType = sourcecode.swift; path = SelectSort.swift; sourceTree = "<group>"; };
		5BE7DF962929BEA300FFFB3B /* Solution9.swift */ = {isa = PBXFileReference; lastKnownFileType = sourcecode.swift; path = Solution9.swift; sourceTree = "<group>"; };
		5BE7DF99292A567C00FFFB3B /* Solution13.swift */ = {isa = PBXFileReference; lastKnownFileType = sourcecode.swift; path = Solution13.swift; sourceTree = "<group>"; };
/* End PBXFileReference section */

/* Begin PBXFrameworksBuildPhase section */
		5B36B1FD28C1902C00E14D15 /* Frameworks */ = {
			isa = PBXFrameworksBuildPhase;
			buildActionMask = 2147483647;
			files = (
			);
			runOnlyForDeploymentPostprocessing = 0;
		};
/* End PBXFrameworksBuildPhase section */

/* Begin PBXGroup section */
		4B02628C2C05AB1C00AE2B3B /* 84.柱状图中最大的矩形 */ = {
			isa = PBXGroup;
			children = (
				4B02628D2C05AB3D00AE2B3B /* Solution84.swift */,
			);
			path = "84.柱状图中最大的矩形";
			sourceTree = "<group>";
		};
		4B02628F2C084E2E00AE2B3B /* 704.二分查找 */ = {
			isa = PBXGroup;
			children = (
				4B0262902C084E4500AE2B3B /* Solution704.swift */,
			);
			path = "704.二分查找";
			sourceTree = "<group>";
		};
		4B0262922C08515900AE2B3B /* 852.山脉数组的峰顶索引 */ = {
			isa = PBXGroup;
			children = (
				4B0262932C08517800AE2B3B /* Solution852.swift */,
			);
			path = "852.山脉数组的峰顶索引";
			sourceTree = "<group>";
		};
		4B0262952C0DAF9600AE2B3B /* 278.第一个错误的版本 */ = {
			isa = PBXGroup;
			children = (
				4B0262962C0DAFAA00AE2B3B /* Solution278.swift */,
			);
			path = "278.第一个错误的版本";
			sourceTree = "<group>";
		};
		4B0262992C0F05B000AE2B3B /* 35.搜索插入位置 */ = {
			isa = PBXGroup;
			children = (
				4B02629A2C0F05CA00AE2B3B /* Solution35.swift */,
			);
			path = "35.搜索插入位置";
			sourceTree = "<group>";
		};
		4B13C74E2BF48C990032004B /* 496.下一个更大元素1 */ = {
			isa = PBXGroup;
			children = (
				4B13C74F2BF48CD00032004B /* Solution496.swift */,
			);
			path = "496.下一个更大元素1";
			sourceTree = "<group>";
		};
		4B13C7512BF5A2900032004B /* 509.斐波那契数 */ = {
			isa = PBXGroup;
			children = (
				4B13C7522BF5A2AC0032004B /* Solution509.swift */,
			);
			path = "509.斐波那契数";
			sourceTree = "<group>";
		};
		4B13C7542BF5A8460032004B /* 1137. 第 N 个泰波那契数 */ = {
			isa = PBXGroup;
			children = (
				4B13C7552BF5A8590032004B /* Solution1137.swift */,
			);
			path = "1137. 第 N 个泰波那契数";
			sourceTree = "<group>";
		};
		4B13C7572BF5D8E10032004B /* 213.打家劫舍2 */ = {
			isa = PBXGroup;
			children = (
				4B13C7582BF5D8F80032004B /* Solution213.swift */,
			);
			path = "213.打家劫舍2";
			sourceTree = "<group>";
		};
		4B13C75A2BF5E1AD0032004B /* 198.打家劫舍1 */ = {
			isa = PBXGroup;
			children = (
				4B13C75B2BF5E1C30032004B /* Solution198.swift */,
			);
			path = "198.打家劫舍1";
			sourceTree = "<group>";
		};
		4B13C75D2BFDC8BF0032004B /* 300.最长递增子序列 */ = {
			isa = PBXGroup;
			children = (
				4B13C75E2BFDC8DC0032004B /* Solution300.swift */,
			);
			path = "300.最长递增子序列";
			sourceTree = "<group>";
		};
		4B13C7602BFDD0460032004B /* 150.逆波兰表达式求值 */ = {
			isa = PBXGroup;
			children = (
				4B13C7612BFDD05D0032004B /* Solution150.swift */,
			);
			path = "150.逆波兰表达式求值";
			sourceTree = "<group>";
		};
		4B37D18F2A8CBD47007E6D13 /* 74.搜索二维矩阵 */ = {
			isa = PBXGroup;
			children = (
				4B37D1902A8CBD63007E6D13 /* Solution74.swift */,
			);
			path = "74.搜索二维矩阵";
			sourceTree = "<group>";
		};
		4B50DA1F2A6FD99B00DB8FB3 /* 739.每日温度 */ = {
			isa = PBXGroup;
			children = (
				4B50DA202A6FD9B700DB8FB3 /* Solution739.swift */,
			);
			path = "739.每日温度";
			sourceTree = "<group>";
		};
		4B68FE8D2A975187009FA727 /* 20.有效的括号 */ = {
			isa = PBXGroup;
			children = (
				4B68FE8E2A97519B009FA727 /* Solution20.swift */,
			);
			path = "20.有效的括号";
			sourceTree = "<group>";
		};
		4B68FE902A9754B5009FA727 /* 905.按奇偶排序数组 */ = {
			isa = PBXGroup;
			children = (
				4B68FE912A9754CA009FA727 /* Solution905.swift */,
			);
			path = "905.按奇偶排序数组";
			sourceTree = "<group>";
		};
		4B68FE932A9758A4009FA727 /* 69.x的算术平方根 */ = {
			isa = PBXGroup;
			children = (
				4B68FE942A9758C0009FA727 /* Solution69.swift */,
			);
			path = "69.x的算术平方根";
			sourceTree = "<group>";
		};
		4B6DC9662C17ED05008A9C1E /* 34.在排序数组中查找元素的第一个和最后一个位置 */ = {
			isa = PBXGroup;
			children = (
				4B6DC9672C17ED20008A9C1E /* Solution34.swift */,
			);
			path = "34.在排序数组中查找元素的第一个和最后一个位置";
			sourceTree = "<group>";
		};
		4B6DC9692C193C14008A9C1E /* 154.寻找旋转排序数组中的最小值 II */ = {
			isa = PBXGroup;
			children = (
				4B6DC96A2C193C31008A9C1E /* Solution154.swift */,
			);
			path = "154.寻找旋转排序数组中的最小值 II";
			sourceTree = "<group>";
		};
		4B6DC96C2C196E79008A9C1E /* 153. 寻找旋转排序数组中的最小值 */ = {
			isa = PBXGroup;
			children = (
				4B6DC96D2C196EB3008A9C1E /* Solution153.swift */,
			);
			path = "153. 寻找旋转排序数组中的最小值";
			sourceTree = "<group>";
		};
		4B6DC9712C1C1150008A9C1E /* 221.最大正方形 */ = {
			isa = PBXGroup;
			children = (
				4B6DC97F2C1C1CCF008A9C1E /* 221. 最大正方形.md */,
				4B6DC9722C1C116F008A9C1E /* Solution221.swift */,
			);
			path = "221.最大正方形";
			sourceTree = "<group>";
		};
		4B6DC9742C1C158B008A9C1E /* 62.不同路径 */ = {
			isa = PBXGroup;
			children = (
				4B6DC96F2C1977E3008A9C1E /* Solution62.swift */,
				4B6DC97E2C1C1ADA008A9C1E /* 62. 不同路径.md */,
			);
			path = "62.不同路径";
			sourceTree = "<group>";
		};
		4B6DC9772C1C1610008A9C1E /* 174.地下城游戏 */ = {
			isa = PBXGroup;
			children = (
				4B6DC9782C1C1626008A9C1E /* Solution174.swift */,
				4B6DC97A2C1C16D8008A9C1E /* 174. 地下城游戏.md */,
			);
			path = "174.地下城游戏";
			sourceTree = "<group>";
		};
		4B6DC9862C226FDD008A9C1E /* 416. 分割等和子集 */ = {
			isa = PBXGroup;
			children = (
				4B6DC9872C226FF6008A9C1E /* Solution416.swift */,
			);
			path = "416. 分割等和子集";
			sourceTree = "<group>";
		};
		4B6DC98C2C255FB2008A9C1E /* LCP61.气温变化趋势 */ = {
			isa = PBXGroup;
			children = (
				4B6DC98D2C25605C008A9C1E /* LCP 61. 气温变化趋势.md */,
				4B6DC98A2C255FAB008A9C1E /* SolutionLCP61.swift */,
			);
			path = "LCP61.气温变化趋势";
			sourceTree = "<group>";
		};
		4B6DC98E2C2824E0008A9C1E /* 520. 检测大写字母 */ = {
			isa = PBXGroup;
			children = (
				4B6DC9912C28FEE7008A9C1E /* 520. 检测大写字母.md */,
				4B6DC98F2C2824F0008A9C1E /* Solution520.swift */,
			);
			path = "520. 检测大写字母";
			sourceTree = "<group>";
		};
		4B82BCA92A1F5DA400A4E716 /* 14.最长公共前缀 */ = {
			isa = PBXGroup;
			children = (
				4B6DC9852C216606008A9C1E /* 14. 最长公共前缀.md */,
				4B82BCAA2A1F5DDB00A4E716 /* Solution14.swift */,
			);
			path = "14.最长公共前缀";
			sourceTree = "<group>";
		};
		4BA19FC82AA02E0D008F33BF /* 876.链表中的中间结点 */ = {
			isa = PBXGroup;
			children = (
				4BA19FC92AA02E36008F33BF /* Solution876.swift */,
			);
			path = "876.链表中的中间结点";
			sourceTree = "<group>";
		};
		4BA19FCB2AA0A36A008F33BF /* 141.环形链表 */ = {
			isa = PBXGroup;
			children = (
				4BA19FCC2AA0A37D008F33BF /* Solution141.swift */,
			);
			path = "141.环形链表";
			sourceTree = "<group>";
		};
		4BA19FCE2AA0AA02008F33BF /* 19. 删除链表的倒数第 N 个结点  */ = {
			isa = PBXGroup;
			children = (
				4BA19FCF2AA0AA39008F33BF /* Solution19.swift */,
			);
			path = "19. 删除链表的倒数第 N 个结点 ";
			sourceTree = "<group>";
		};
		4BCADB362BE8AE7900BDB948 /* 15.三数之和 */ = {
			isa = PBXGroup;
			children = (
				4BCADB392BE8AF2300BDB948 /* Solution15.swift */,
			);
			path = "15.三数之和";
			sourceTree = "<group>";
		};
		4BCADB3B2BE8B6B000BDB948 /* 0.排序 */ = {
			isa = PBXGroup;
			children = (
				4BCADB3C2BE8B6CB00BDB948 /* Sort.swift */,
				4BCADB3E2BEA0B4D00BDB948 /* ReadMe.md */,
			);
			path = "0.排序";
			sourceTree = "<group>";
		};
		4BCADB3F2BEB54A000BDB948 /* 18.四数之和 */ = {
			isa = PBXGroup;
			children = (
				4BCADB402BEB54ED00BDB948 /* Solution18.swift */,
			);
			path = "18.四数之和";
			sourceTree = "<group>";
		};
		4BCADB422BEC99DB00BDB948 /* 238. 除自身以外数组的乘积 */ = {
			isa = PBXGroup;
			children = (
				4BCADB432BEC99ED00BDB948 /* Solution238.swift */,
			);
			path = "238. 除自身以外数组的乘积";
			sourceTree = "<group>";
		};
		4BCADB452BEDFBA900BDB948 /* 303.区域和检索-数组不可变 */ = {
			isa = PBXGroup;
			children = (
				4BCADB462BEDFBC300BDB948 /* Solution303.swift */,
			);
			path = "303.区域和检索-数组不可变";
			sourceTree = "<group>";
		};
		4BCADB482BEF58C100BDB948 /* 1588.所有奇数长度子数组的和 */ = {
			isa = PBXGroup;
			children = (
				4BCADB492BEF58EA00BDB948 /* Solution1588.swift */,
			);
			path = "1588.所有奇数长度子数组的和";
			sourceTree = "<group>";
		};
		4BCADB4B2BF1A6A100BDB948 /* 42.接雨水 */ = {
			isa = PBXGroup;
			children = (
				4BCADB4C2BF1A6B900BDB948 /* Solution42.swift */,
			);
			path = "42.接雨水";
			sourceTree = "<group>";
		};
		4BCADB4E2BF1A6F900BDB948 /* 232.用栈实现队列 */ = {
			isa = PBXGroup;
			children = (
				4BCADB4F2BF1A71200BDB948 /* Solution232.swift */,
			);
			path = "232.用栈实现队列";
			sourceTree = "<group>";
		};
		4BCD93EC2AA99BA200FBA5B3 /* 442.两数相加2 */ = {
			isa = PBXGroup;
			children = (
				4BCD93ED2AA99BC300FBA5B3 /* Solution442.swift */,
			);
			path = "442.两数相加2";
			sourceTree = "<group>";
		};
		4BCD93EF2AA9D82000FBA5B3 /* 206.反转链表 */ = {
			isa = PBXGroup;
			children = (
				4BCD93F02AA9D84200FBA5B3 /* Solution206.swift */,
			);
			path = "206.反转链表";
			sourceTree = "<group>";
		};
		4BCD942B2AB312B100FBA5B3 /* 61.旋转链表 */ = {
			isa = PBXGroup;
			children = (
				4BCD942C2AB3139B00FBA5B3 /* Solution61.swift */,
			);
			path = "61.旋转链表";
			sourceTree = "<group>";
		};
		4BD1827C2A690ED400333B8A /* 88.合并两个有序数组 */ = {
			isa = PBXGroup;
			children = (
				4B6DC9842C21164B008A9C1E /* 88. 合并两个有序数组.md */,
				4BD1827D2A690F0700333B8A /* Solution88.swift */,
			);
			path = "88.合并两个有序数组";
			sourceTree = "<group>";
		};
		5B36B1F728C1902C00E14D15 = {
			isa = PBXGroup;
			children = (
				5B36B20228C1902C00E14D15 /* LeetCode */,
				5B36B20128C1902C00E14D15 /* Products */,
			);
			sourceTree = "<group>";
		};
		5B36B20128C1902C00E14D15 /* Products */ = {
			isa = PBXGroup;
			children = (
				5B36B20028C1902C00E14D15 /* LeetCode */,
			);
			name = Products;
			sourceTree = "<group>";
		};
		5B36B20228C1902C00E14D15 /* LeetCode */ = {
			isa = PBXGroup;
			children = (
				4B6DC98E2C2824E0008A9C1E /* 520. 检测大写字母 */,
				4B6DC98C2C255FB2008A9C1E /* LCP61.气温变化趋势 */,
				4B6DC9862C226FDD008A9C1E /* 416. 分割等和子集 */,
				4BCADB3B2BE8B6B000BDB948 /* 0.排序 */,
				5B36B20A28C190D400E14D15 /* 1.两数之和 */,
				5B36B20D28C1915300E14D15 /* 2.两数相加 */,
				5B5692762927290900DB792C /* 3.无重复字符的最长子串 */,
				5B5692792927367C00DB792C /* 4.寻找两个正序数组的中位数 */,
				5B56927C292751CC00DB792C /* 5.最长回文子串 */,
				5BE7DF952929BE9100FFFB3B /* 9.回文数 */,
				5BE7DF98292A565F00FFFB3B /* 13.罗马数字转整数 */,
				4B82BCA92A1F5DA400A4E716 /* 14.最长公共前缀 */,
				4BCADB362BE8AE7900BDB948 /* 15.三数之和 */,
				4BCADB3F2BEB54A000BDB948 /* 18.四数之和 */,
				4BA19FCE2AA0AA02008F33BF /* 19. 删除链表的倒数第 N 个结点  */,
				4B68FE8D2A975187009FA727 /* 20.有效的括号 */,
				4B6DC9662C17ED05008A9C1E /* 34.在排序数组中查找元素的第一个和最后一个位置 */,
				4B0262992C0F05B000AE2B3B /* 35.搜索插入位置 */,
				4BCADB4B2BF1A6A100BDB948 /* 42.接雨水 */,
				4BCD942B2AB312B100FBA5B3 /* 61.旋转链表 */,
				4B6DC9742C1C158B008A9C1E /* 62.不同路径 */,
				4B68FE932A9758A4009FA727 /* 69.x的算术平方根 */,
				4B37D18F2A8CBD47007E6D13 /* 74.搜索二维矩阵 */,
				4B02628C2C05AB1C00AE2B3B /* 84.柱状图中最大的矩形 */,
				4BD1827C2A690ED400333B8A /* 88.合并两个有序数组 */,
				4BA19FCB2AA0A36A008F33BF /* 141.环形链表 */,
				4B13C7602BFDD0460032004B /* 150.逆波兰表达式求值 */,
				4B6DC96C2C196E79008A9C1E /* 153. 寻找旋转排序数组中的最小值 */,
				4B6DC9692C193C14008A9C1E /* 154.寻找旋转排序数组中的最小值 II */,
				4B6DC9772C1C1610008A9C1E /* 174.地下城游戏 */,
				4B13C75A2BF5E1AD0032004B /* 198.打家劫舍1 */,
				4BCD93EF2AA9D82000FBA5B3 /* 206.反转链表 */,
				4B13C7572BF5D8E10032004B /* 213.打家劫舍2 */,
				4B6DC9712C1C1150008A9C1E /* 221.最大正方形 */,
				4BCADB4E2BF1A6F900BDB948 /* 232.用栈实现队列 */,
				4BCADB422BEC99DB00BDB948 /* 238. 除自身以外数组的乘积 */,
				4B0262952C0DAF9600AE2B3B /* 278.第一个错误的版本 */,
				4B13C75D2BFDC8BF0032004B /* 300.最长递增子序列 */,
				4BCADB452BEDFBA900BDB948 /* 303.区域和检索-数组不可变 */,
				4BCD93EC2AA99BA200FBA5B3 /* 442.两数相加2 */,
				4B13C74E2BF48C990032004B /* 496.下一个更大元素1 */,
				4B13C7512BF5A2900032004B /* 509.斐波那契数 */,
				4B02628F2C084E2E00AE2B3B /* 704.二分查找 */,
				4B50DA1F2A6FD99B00DB8FB3 /* 739.每日温度 */,
				4B0262922C08515900AE2B3B /* 852.山脉数组的峰顶索引 */,
				4BA19FC82AA02E0D008F33BF /* 876.链表中的中间结点 */,
				4B68FE902A9754B5009FA727 /* 905.按奇偶排序数组 */,
				4B13C7542BF5A8460032004B /* 1137. 第 N 个泰波那契数 */,
				4BCADB482BEF58C100BDB948 /* 1588.所有奇数长度子数组的和 */,
				5B56927F292759E400DB792C /* 常用方法总结 */,
				5B5692822927737700DB792C /* 排序算法 */,
				5B36B20328C1902C00E14D15 /* main.swift */,
				4BCADB372BE8AED000BDB948 /* Solution.swift */,
			);
			path = LeetCode;
			sourceTree = "<group>";
		};
		5B36B20A28C190D400E14D15 /* 1.两数之和 */ = {
			isa = PBXGroup;
			children = (
				5B36B20B28C1911700E14D15 /* Solution1.swift */,
				4B6DC9802C1C1EC9008A9C1E /* 1. 两数之和.md */,
			);
			path = "1.两数之和";
			sourceTree = "<group>";
		};
		5B36B20D28C1915300E14D15 /* 2.两数相加 */ = {
			isa = PBXGroup;
			children = (
				4B6DC9812C1C2203008A9C1E /* 2. 两数相加.md */,
				5B36B20E28C1917C00E14D15 /* Solution2.swift */,
			);
			path = "2.两数相加";
			sourceTree = "<group>";
		};
		5B5692762927290900DB792C /* 3.无重复字符的最长子串 */ = {
			isa = PBXGroup;
			children = (
				4B6DC9822C1C220C008A9C1E /* 3. 无重复字符的最长子串.md */,
				5B5692772927293200DB792C /* Solution3.swift */,
			);
			path = "3.无重复字符的最长子串";
			sourceTree = "<group>";
		};
		5B5692792927367C00DB792C /* 4.寻找两个正序数组的中位数 */ = {
			isa = PBXGroup;
			children = (
				4B6DC9832C1C221E008A9C1E /* 4. 寻找两个正序数组的中位数.md */,
				5B56927A292736E500DB792C /* Solution4.swift */,
			);
			path = "4.寻找两个正序数组的中位数";
			sourceTree = "<group>";
		};
		5B56927C292751CC00DB792C /* 5.最长回文子串 */ = {
			isa = PBXGroup;
			children = (
				4B6DC9892C23D0CA008A9C1E /* 5. 最长回文子串.md */,
				5B56927D292751E300DB792C /* Solution5.swift */,
			);
			path = "5.最长回文子串";
			sourceTree = "<group>";
		};
		5B56927F292759E400DB792C /* 常用方法总结 */ = {
			isa = PBXGroup;
			children = (
				5B56928029275A0300DB792C /* StringExample.swift */,
			);
			path = "常用方法总结";
			sourceTree = "<group>";
		};
		5B5692822927737700DB792C /* 排序算法 */ = {
			isa = PBXGroup;
			children = (
				5B5692872927847900DB792C /* InsertSort.swift */,
				5BE7DF932928CD0D00FFFB3B /* SelectSort.swift */,
				5B5692832927739400DB792C /* BubbleSort.swift */,
				5B5692852927835E00DB792C /* ShellSort.swift */,
				5B569289292784F000DB792C /* Common.swift */,
			);
			path = "排序算法";
			sourceTree = "<group>";
		};
		5BE7DF952929BE9100FFFB3B /* 9.回文数 */ = {
			isa = PBXGroup;
			children = (
				5BE7DF962929BEA300FFFB3B /* Solution9.swift */,
			);
			path = "9.回文数";
			sourceTree = "<group>";
		};
		5BE7DF98292A565F00FFFB3B /* 13.罗马数字转整数 */ = {
			isa = PBXGroup;
			children = (
				5BE7DF99292A567C00FFFB3B /* Solution13.swift */,
			);
			path = "13.罗马数字转整数";
			sourceTree = "<group>";
		};
/* End PBXGroup section */

/* Begin PBXNativeTarget section */
		5B36B1FF28C1902C00E14D15 /* LeetCode */ = {
			isa = PBXNativeTarget;
			buildConfigurationList = 5B36B20728C1902C00E14D15 /* Build configuration list for PBXNativeTarget "LeetCode" */;
			buildPhases = (
				5B36B1FC28C1902C00E14D15 /* Sources */,
				5B36B1FD28C1902C00E14D15 /* Frameworks */,
				5B36B1FE28C1902C00E14D15 /* CopyFiles */,
			);
			buildRules = (
			);
			dependencies = (
			);
			name = LeetCode;
			productName = LeetCode;
			productReference = 5B36B20028C1902C00E14D15 /* LeetCode */;
			productType = "com.apple.product-type.tool";
		};
/* End PBXNativeTarget section */

/* Begin PBXProject section */
		5B36B1F828C1902C00E14D15 /* Project object */ = {
			isa = PBXProject;
			attributes = {
				BuildIndependentTargetsInParallel = 1;
				LastSwiftUpdateCheck = 1320;
				LastUpgradeCheck = 1500;
				TargetAttributes = {
					5B36B1FF28C1902C00E14D15 = {
						CreatedOnToolsVersion = 13.2.1;
					};
				};
			};
			buildConfigurationList = 5B36B1FB28C1902C00E14D15 /* Build configuration list for PBXProject "LeetCode" */;
			compatibilityVersion = "Xcode 13.0";
			developmentRegion = en;
			hasScannedForEncodings = 0;
			knownRegions = (
				en,
				Base,
			);
			mainGroup = 5B36B1F728C1902C00E14D15;
			productRefGroup = 5B36B20128C1902C00E14D15 /* Products */;
			projectDirPath = "";
			projectRoot = "";
			targets = (
				5B36B1FF28C1902C00E14D15 /* LeetCode */,
			);
		};
/* End PBXProject section */

/* Begin PBXSourcesBuildPhase section */
		5B36B1FC28C1902C00E14D15 /* Sources */ = {
			isa = PBXSourcesBuildPhase;
			buildActionMask = 2147483647;
			files = (
				4B6DC9882C226FF6008A9C1E /* Solution416.swift in Sources */,
				4BCADB4A2BEF58EA00BDB948 /* Solution1588.swift in Sources */,
				5B5692882927847900DB792C /* InsertSort.swift in Sources */,
				4BCADB3D2BE8B6CB00BDB948 /* Sort.swift in Sources */,
				4BCD93F12AA9D84200FBA5B3 /* Solution206.swift in Sources */,
				4B0262942C08517800AE2B3B /* Solution852.swift in Sources */,
				5B56927E292751E300DB792C /* Solution5.swift in Sources */,
				4B6DC96E2C196EB3008A9C1E /* Solution153.swift in Sources */,
				4BA19FCA2AA02E36008F33BF /* Solution876.swift in Sources */,
				4B6DC98B2C255FAB008A9C1E /* SolutionLCP61.swift in Sources */,
				4BA19FCD2AA0A37D008F33BF /* Solution141.swift in Sources */,
				4BCADB442BEC99ED00BDB948 /* Solution238.swift in Sources */,
				4B13C7502BF48CD00032004B /* Solution496.swift in Sources */,
				5B36B20C28C1911700E14D15 /* Solution1.swift in Sources */,
				4BCADB382BE8AED000BDB948 /* Solution.swift in Sources */,
				5BE7DF972929BEA300FFFB3B /* Solution9.swift in Sources */,
				4B6DC9682C17ED20008A9C1E /* Solution34.swift in Sources */,
				4BCADB412BEB54ED00BDB948 /* Solution18.swift in Sources */,
				4B13C7532BF5A2AC0032004B /* Solution509.swift in Sources */,
				4BCADB502BF1A71200BDB948 /* Solution232.swift in Sources */,
				4B68FE952A9758C0009FA727 /* Solution69.swift in Sources */,
				5B36B20428C1902C00E14D15 /* main.swift in Sources */,
				4BCADB472BEDFBC300BDB948 /* Solution303.swift in Sources */,
				4B13C7622BFDD05D0032004B /* Solution150.swift in Sources */,
				5B56928A292784F000DB792C /* Common.swift in Sources */,
				4BCD942D2AB3139B00FBA5B3 /* Solution61.swift in Sources */,
				4B13C7562BF5A8590032004B /* Solution1137.swift in Sources */,
				5BE7DF9A292A567C00FFFB3B /* Solution13.swift in Sources */,
				4BA19FD02AA0AA39008F33BF /* Solution19.swift in Sources */,
				4B82BCAB2A1F5DDB00A4E716 /* Solution14.swift in Sources */,
				4BD1827E2A690F0700333B8A /* Solution88.swift in Sources */,
				4B0262912C084E4500AE2B3B /* Solution704.swift in Sources */,
				4B37D1912A8CBD63007E6D13 /* Solution74.swift in Sources */,
				4B13C75C2BF5E1C30032004B /* Solution198.swift in Sources */,
				4B02628E2C05AB3D00AE2B3B /* Solution84.swift in Sources */,
				5B5692782927293200DB792C /* Solution3.swift in Sources */,
				4B02629B2C0F05CA00AE2B3B /* Solution35.swift in Sources */,
				4B68FE922A9754CA009FA727 /* Solution905.swift in Sources */,
				5B56927B292736E500DB792C /* Solution4.swift in Sources */,
				4B68FE8F2A97519B009FA727 /* Solution20.swift in Sources */,
				4B13C7592BF5D8F80032004B /* Solution213.swift in Sources */,
				4B13C75F2BFDC8DC0032004B /* Solution300.swift in Sources */,
				4B50DA212A6FD9B700DB8FB3 /* Solution739.swift in Sources */,
				5BE7DF942928CD0D00FFFB3B /* SelectSort.swift in Sources */,
				4B0262972C0DAFAA00AE2B3B /* Solution278.swift in Sources */,
				4B6DC9902C2824F0008A9C1E /* Solution520.swift in Sources */,
				4B6DC9792C1C1626008A9C1E /* Solution174.swift in Sources */,
				5B5692842927739400DB792C /* BubbleSort.swift in Sources */,
				4B6DC9702C1977E3008A9C1E /* Solution62.swift in Sources */,
				4BCADB4D2BF1A6B900BDB948 /* Solution42.swift in Sources */,
				4BCD93EE2AA99BC300FBA5B3 /* Solution442.swift in Sources */,
				4B6DC96B2C193C31008A9C1E /* Solution154.swift in Sources */,
				5B5692862927835E00DB792C /* ShellSort.swift in Sources */,
				4BCADB3A2BE8AF2300BDB948 /* Solution15.swift in Sources */,
				5B36B20F28C1917C00E14D15 /* Solution2.swift in Sources */,
				5B56928129275A0300DB792C /* StringExample.swift in Sources */,
				4B6DC9732C1C116F008A9C1E /* Solution221.swift in Sources */,
			);
			runOnlyForDeploymentPostprocessing = 0;
		};
/* End PBXSourcesBuildPhase section */

/* Begin XCBuildConfiguration section */
		5B36B20528C1902C00E14D15 /* Debug */ = {
			isa = XCBuildConfiguration;
			buildSettings = {
				ALWAYS_SEARCH_USER_PATHS = NO;
				CLANG_ANALYZER_NONNULL = YES;
				CLANG_ANALYZER_NUMBER_OBJECT_CONVERSION = YES_AGGRESSIVE;
				CLANG_CXX_LANGUAGE_STANDARD = "gnu++17";
				CLANG_CXX_LIBRARY = "libc++";
				CLANG_ENABLE_MODULES = YES;
				CLANG_ENABLE_OBJC_ARC = YES;
				CLANG_ENABLE_OBJC_WEAK = YES;
				CLANG_WARN_BLOCK_CAPTURE_AUTORELEASING = YES;
				CLANG_WARN_BOOL_CONVERSION = YES;
				CLANG_WARN_COMMA = YES;
				CLANG_WARN_CONSTANT_CONVERSION = YES;
				CLANG_WARN_DEPRECATED_OBJC_IMPLEMENTATIONS = YES;
				CLANG_WARN_DIRECT_OBJC_ISA_USAGE = YES_ERROR;
				CLANG_WARN_DOCUMENTATION_COMMENTS = YES;
				CLANG_WARN_EMPTY_BODY = YES;
				CLANG_WARN_ENUM_CONVERSION = YES;
				CLANG_WARN_INFINITE_RECURSION = YES;
				CLANG_WARN_INT_CONVERSION = YES;
				CLANG_WARN_NON_LITERAL_NULL_CONVERSION = YES;
				CLANG_WARN_OBJC_IMPLICIT_RETAIN_SELF = YES;
				CLANG_WARN_OBJC_LITERAL_CONVERSION = YES;
				CLANG_WARN_OBJC_ROOT_CLASS = YES_ERROR;
				CLANG_WARN_QUOTED_INCLUDE_IN_FRAMEWORK_HEADER = YES;
				CLANG_WARN_RANGE_LOOP_ANALYSIS = YES;
				CLANG_WARN_STRICT_PROTOTYPES = YES;
				CLANG_WARN_SUSPICIOUS_MOVE = YES;
				CLANG_WARN_UNGUARDED_AVAILABILITY = YES_AGGRESSIVE;
				CLANG_WARN_UNREACHABLE_CODE = YES;
				CLANG_WARN__DUPLICATE_METHOD_MATCH = YES;
				COPY_PHASE_STRIP = NO;
				DEAD_CODE_STRIPPING = YES;
				DEBUG_INFORMATION_FORMAT = dwarf;
				ENABLE_STRICT_OBJC_MSGSEND = YES;
				ENABLE_TESTABILITY = YES;
				ENABLE_USER_SCRIPT_SANDBOXING = YES;
				GCC_C_LANGUAGE_STANDARD = gnu11;
				GCC_DYNAMIC_NO_PIC = NO;
				GCC_NO_COMMON_BLOCKS = YES;
				GCC_OPTIMIZATION_LEVEL = 0;
				GCC_PREPROCESSOR_DEFINITIONS = (
					"DEBUG=1",
					"$(inherited)",
				);
				GCC_WARN_64_TO_32_BIT_CONVERSION = YES;
				GCC_WARN_ABOUT_RETURN_TYPE = YES_ERROR;
				GCC_WARN_UNDECLARED_SELECTOR = YES;
				GCC_WARN_UNINITIALIZED_AUTOS = YES_AGGRESSIVE;
				GCC_WARN_UNUSED_FUNCTION = YES;
				GCC_WARN_UNUSED_VARIABLE = YES;
				MACOSX_DEPLOYMENT_TARGET = 12.1;
				MTL_ENABLE_DEBUG_INFO = INCLUDE_SOURCE;
				MTL_FAST_MATH = YES;
				ONLY_ACTIVE_ARCH = YES;
				SDKROOT = macosx;
				SWIFT_ACTIVE_COMPILATION_CONDITIONS = DEBUG;
				SWIFT_OPTIMIZATION_LEVEL = "-Onone";
			};
			name = Debug;
		};
		5B36B20628C1902C00E14D15 /* Release */ = {
			isa = XCBuildConfiguration;
			buildSettings = {
				ALWAYS_SEARCH_USER_PATHS = NO;
				CLANG_ANALYZER_NONNULL = YES;
				CLANG_ANALYZER_NUMBER_OBJECT_CONVERSION = YES_AGGRESSIVE;
				CLANG_CXX_LANGUAGE_STANDARD = "gnu++17";
				CLANG_CXX_LIBRARY = "libc++";
				CLANG_ENABLE_MODULES = YES;
				CLANG_ENABLE_OBJC_ARC = YES;
				CLANG_ENABLE_OBJC_WEAK = YES;
				CLANG_WARN_BLOCK_CAPTURE_AUTORELEASING = YES;
				CLANG_WARN_BOOL_CONVERSION = YES;
				CLANG_WARN_COMMA = YES;
				CLANG_WARN_CONSTANT_CONVERSION = YES;
				CLANG_WARN_DEPRECATED_OBJC_IMPLEMENTATIONS = YES;
				CLANG_WARN_DIRECT_OBJC_ISA_USAGE = YES_ERROR;
				CLANG_WARN_DOCUMENTATION_COMMENTS = YES;
				CLANG_WARN_EMPTY_BODY = YES;
				CLANG_WARN_ENUM_CONVERSION = YES;
				CLANG_WARN_INFINITE_RECURSION = YES;
				CLANG_WARN_INT_CONVERSION = YES;
				CLANG_WARN_NON_LITERAL_NULL_CONVERSION = YES;
				CLANG_WARN_OBJC_IMPLICIT_RETAIN_SELF = YES;
				CLANG_WARN_OBJC_LITERAL_CONVERSION = YES;
				CLANG_WARN_OBJC_ROOT_CLASS = YES_ERROR;
				CLANG_WARN_QUOTED_INCLUDE_IN_FRAMEWORK_HEADER = YES;
				CLANG_WARN_RANGE_LOOP_ANALYSIS = YES;
				CLANG_WARN_STRICT_PROTOTYPES = YES;
				CLANG_WARN_SUSPICIOUS_MOVE = YES;
				CLANG_WARN_UNGUARDED_AVAILABILITY = YES_AGGRESSIVE;
				CLANG_WARN_UNREACHABLE_CODE = YES;
				CLANG_WARN__DUPLICATE_METHOD_MATCH = YES;
				COPY_PHASE_STRIP = NO;
				DEAD_CODE_STRIPPING = YES;
				DEBUG_INFORMATION_FORMAT = "dwarf-with-dsym";
				ENABLE_NS_ASSERTIONS = NO;
				ENABLE_STRICT_OBJC_MSGSEND = YES;
				ENABLE_USER_SCRIPT_SANDBOXING = YES;
				GCC_C_LANGUAGE_STANDARD = gnu11;
				GCC_NO_COMMON_BLOCKS = YES;
				GCC_WARN_64_TO_32_BIT_CONVERSION = YES;
				GCC_WARN_ABOUT_RETURN_TYPE = YES_ERROR;
				GCC_WARN_UNDECLARED_SELECTOR = YES;
				GCC_WARN_UNINITIALIZED_AUTOS = YES_AGGRESSIVE;
				GCC_WARN_UNUSED_FUNCTION = YES;
				GCC_WARN_UNUSED_VARIABLE = YES;
				MACOSX_DEPLOYMENT_TARGET = 12.1;
				MTL_ENABLE_DEBUG_INFO = NO;
				MTL_FAST_MATH = YES;
				SDKROOT = macosx;
				SWIFT_COMPILATION_MODE = wholemodule;
				SWIFT_OPTIMIZATION_LEVEL = "-O";
			};
			name = Release;
		};
		5B36B20828C1902C00E14D15 /* Debug */ = {
			isa = XCBuildConfiguration;
			buildSettings = {
				CODE_SIGN_STYLE = Automatic;
				DEAD_CODE_STRIPPING = YES;
				DEVELOPMENT_TEAM = 8X3Q8YY56J;
				ENABLE_HARDENED_RUNTIME = YES;
				PRODUCT_NAME = "$(TARGET_NAME)";
				SWIFT_VERSION = 5.0;
			};
			name = Debug;
		};
		5B36B20928C1902C00E14D15 /* Release */ = {
			isa = XCBuildConfiguration;
			buildSettings = {
				CODE_SIGN_STYLE = Automatic;
				DEAD_CODE_STRIPPING = YES;
				DEVELOPMENT_TEAM = 8X3Q8YY56J;
				ENABLE_HARDENED_RUNTIME = YES;
				PRODUCT_NAME = "$(TARGET_NAME)";
				SWIFT_VERSION = 5.0;
			};
			name = Release;
		};
/* End XCBuildConfiguration section */

/* Begin XCConfigurationList section */
		5B36B1FB28C1902C00E14D15 /* Build configuration list for PBXProject "LeetCode" */ = {
			isa = XCConfigurationList;
			buildConfigurations = (
				5B36B20528C1902C00E14D15 /* Debug */,
				5B36B20628C1902C00E14D15 /* Release */,
			);
			defaultConfigurationIsVisible = 0;
			defaultConfigurationName = Release;
		};
		5B36B20728C1902C00E14D15 /* Build configuration list for PBXNativeTarget "LeetCode" */ = {
			isa = XCConfigurationList;
			buildConfigurations = (
				5B36B20828C1902C00E14D15 /* Debug */,
				5B36B20928C1902C00E14D15 /* Release */,
			);
			defaultConfigurationIsVisible = 0;
			defaultConfigurationName = Release;
		};
/* End XCConfigurationList section */
	};
	rootObject = 5B36B1F828C1902C00E14D15 /* Project object */;
}
