// !$*UTF8*$!
{
	archiveVersion = 1;
	classes = {
	};
	objectVersion = 55;
	objects = {

/* Begin PBXBuildFile section */
		4B6DC9D12C3BBE16008A9C1E /* ClosureTest.swift in Sources */ = {isa = PBXBuildFile; fileRef = 4B6DC9D02C3BBE16008A9C1E /* ClosureTest.swift */; };
		4B6DC9D32C3BD8F8008A9C1E /* Person.swift in Sources */ = {isa = PBXBuildFile; fileRef = 4B6DC9D22C3BD8F8008A9C1E /* Person.swift */; };
		5B88F88027698B4300BFF650 /* main.swift in Sources */ = {isa = PBXBuildFile; fileRef = 5B88F87F27698B4300BFF650 /* main.swift */; };
		5B88F88727698B8400BFF650 /* Animal.swift in Sources */ = {isa = PBXBuildFile; fileRef = 5B88F88627698B8400BFF650 /* Animal.swift */; };
		5B88F88927698C2000BFF650 /* Vehicle.swift in Sources */ = {isa = PBXBuildFile; fileRef = 5B88F88827698C2000BFF650 /* Vehicle.swift */; };
		5B88F88C27698CE500BFF650 /* Flyable.swift in Sources */ = {isa = PBXBuildFile; fileRef = 5B88F88B27698CE500BFF650 /* Flyable.swift */; };
		5B88F88E27698DA200BFF650 /* Eagle.swift in Sources */ = {isa = PBXBuildFile; fileRef = 5B88F88D27698DA200BFF650 /* Eagle.swift */; };
/* End PBXBuildFile section */

/* Begin PBXCopyFilesBuildPhase section */
		5B88F87A27698B4300BFF650 /* CopyFiles */ = {
			isa = PBXCopyFilesBuildPhase;
			buildActionMask = 2147483647;
			dstPath = /usr/share/man/man1/;
			dstSubfolderSpec = 0;
			files = (
			);
			runOnlyForDeploymentPostprocessing = 1;
		};
/* End PBXCopyFilesBuildPhase section */

/* Begin PBXFileReference section */
		4B6DC9D02C3BBE16008A9C1E /* ClosureTest.swift */ = {isa = PBXFileReference; lastKnownFileType = sourcecode.swift; path = ClosureTest.swift; sourceTree = "<group>"; };
		4B6DC9D22C3BD8F8008A9C1E /* Person.swift */ = {isa = PBXFileReference; lastKnownFileType = sourcecode.swift; path = Person.swift; sourceTree = "<group>"; };
		5B88F87C27698B4300BFF650 /* SwiftDemo */ = {isa = PBXFileReference; explicitFileType = "compiled.mach-o.executable"; includeInIndex = 0; path = SwiftDemo; sourceTree = BUILT_PRODUCTS_DIR; };
		5B88F87F27698B4300BFF650 /* main.swift */ = {isa = PBXFileReference; lastKnownFileType = sourcecode.swift; path = main.swift; sourceTree = "<group>"; };
		5B88F88627698B8400BFF650 /* Animal.swift */ = {isa = PBXFileReference; lastKnownFileType = sourcecode.swift; path = Animal.swift; sourceTree = "<group>"; };
		5B88F88827698C2000BFF650 /* Vehicle.swift */ = {isa = PBXFileReference; lastKnownFileType = sourcecode.swift; path = Vehicle.swift; sourceTree = "<group>"; };
		5B88F88B27698CE500BFF650 /* Flyable.swift */ = {isa = PBXFileReference; lastKnownFileType = sourcecode.swift; path = Flyable.swift; sourceTree = "<group>"; };
		5B88F88D27698DA200BFF650 /* Eagle.swift */ = {isa = PBXFileReference; lastKnownFileType = sourcecode.swift; path = Eagle.swift; sourceTree = "<group>"; };
/* End PBXFileReference section */

/* Begin PBXFrameworksBuildPhase section */
		5B88F87927698B4300BFF650 /* Frameworks */ = {
			isa = PBXFrameworksBuildPhase;
			buildActionMask = 2147483647;
			files = (
			);
			runOnlyForDeploymentPostprocessing = 0;
		};
/* End PBXFrameworksBuildPhase section */

/* Begin PBXGroup section */
		4B6DC9CF2C3BBDF1008A9C1E /* closure */ = {
			isa = PBXGroup;
			children = (
				4B6DC9D02C3BBE16008A9C1E /* ClosureTest.swift */,
			);
			path = closure;
			sourceTree = "<group>";
		};
		5B88F87327698B4300BFF650 = {
			isa = PBXGroup;
			children = (
				5B88F87E27698B4300BFF650 /* SwiftDemo */,
				5B88F87D27698B4300BFF650 /* Products */,
			);
			sourceTree = "<group>";
		};
		5B88F87D27698B4300BFF650 /* Products */ = {
			isa = PBXGroup;
			children = (
				5B88F87C27698B4300BFF650 /* SwiftDemo */,
			);
			name = Products;
			sourceTree = "<group>";
		};
		5B88F87E27698B4300BFF650 /* SwiftDemo */ = {
			isa = PBXGroup;
			children = (
				4B6DC9CF2C3BBDF1008A9C1E /* closure */,
				5B88F87F27698B4300BFF650 /* main.swift */,
				5B88F88627698B8400BFF650 /* Animal.swift */,
				5B88F88827698C2000BFF650 /* Vehicle.swift */,
				5B88F88A27698CC900BFF650 /* Protocol */,
				4B6DC9D22C3BD8F8008A9C1E /* Person.swift */,
			);
			path = SwiftDemo;
			sourceTree = "<group>";
		};
		5B88F88A27698CC900BFF650 /* Protocol */ = {
			isa = PBXGroup;
			children = (
				5B88F88B27698CE500BFF650 /* Flyable.swift */,
				5B88F88D27698DA200BFF650 /* Eagle.swift */,
			);
			path = Protocol;
			sourceTree = "<group>";
		};
/* End PBXGroup section */

/* Begin PBXNativeTarget section */
		5B88F87B27698B4300BFF650 /* SwiftDemo */ = {
			isa = PBXNativeTarget;
			buildConfigurationList = 5B88F88327698B4300BFF650 /* Build configuration list for PBXNativeTarget "SwiftDemo" */;
			buildPhases = (
				5B88F87827698B4300BFF650 /* Sources */,
				5B88F87927698B4300BFF650 /* Frameworks */,
				5B88F87A27698B4300BFF650 /* CopyFiles */,
			);
			buildRules = (
			);
			dependencies = (
			);
			name = SwiftDemo;
			productName = SwiftDemo;
			productReference = 5B88F87C27698B4300BFF650 /* SwiftDemo */;
			productType = "com.apple.product-type.tool";
		};
/* End PBXNativeTarget section */

/* Begin PBXProject section */
		5B88F87427698B4300BFF650 /* Project object */ = {
			isa = PBXProject;
			attributes = {
				BuildIndependentTargetsInParallel = 1;
				LastSwiftUpdateCheck = 1310;
				LastUpgradeCheck = 1310;
				TargetAttributes = {
					5B88F87B27698B4300BFF650 = {
						CreatedOnToolsVersion = 13.1;
					};
				};
			};
			buildConfigurationList = 5B88F87727698B4300BFF650 /* Build configuration list for PBXProject "SwiftDemo" */;
			compatibilityVersion = "Xcode 13.0";
			developmentRegion = en;
			hasScannedForEncodings = 0;
			knownRegions = (
				en,
				Base,
			);
			mainGroup = 5B88F87327698B4300BFF650;
			productRefGroup = 5B88F87D27698B4300BFF650 /* Products */;
			projectDirPath = "";
			projectRoot = "";
			targets = (
				5B88F87B27698B4300BFF650 /* SwiftDemo */,
			);
		};
/* End PBXProject section */

/* Begin PBXSourcesBuildPhase section */
		5B88F87827698B4300BFF650 /* Sources */ = {
			isa = PBXSourcesBuildPhase;
			buildActionMask = 2147483647;
			files = (
				5B88F88E27698DA200BFF650 /* Eagle.swift in Sources */,
				4B6DC9D12C3BBE16008A9C1E /* ClosureTest.swift in Sources */,
				5B88F88027698B4300BFF650 /* main.swift in Sources */,
				5B88F88727698B8400BFF650 /* Animal.swift in Sources */,
				4B6DC9D32C3BD8F8008A9C1E /* Person.swift in Sources */,
				5B88F88927698C2000BFF650 /* Vehicle.swift in Sources */,
				5B88F88C27698CE500BFF650 /* Flyable.swift in Sources */,
			);
			runOnlyForDeploymentPostprocessing = 0;
		};
/* End PBXSourcesBuildPhase section */

/* Begin XCBuildConfiguration section */
		5B88F88127698B4300BFF650 /* Debug */ = {
			isa = XCBuildConfiguration;
			buildSettings = {
				ALWAYS_SEARCH_USER_PATHS = NO;
				CLANG_ANALYZER_NONNULL = YES;
				CLANG_ANALYZER_NUMBER_OBJECT_CONVERSION = YES_AGGRESSIVE;
				CLANG_CXX_LANGUAGE_STANDARD = "gnu++17";
				CLANG_CXX_LIBRARY = "libc++";
				CLANG_ENABLE_MODULES = YES;
				CLANG_ENABLE_OBJC_ARC = YES;
				CLANG_ENABLE_OBJC_WEAK = YES;
				CLANG_WARN_BLOCK_CAPTURE_AUTORELEASING = YES;
				CLANG_WARN_BOOL_CONVERSION = YES;
				CLANG_WARN_COMMA = YES;
				CLANG_WARN_CONSTANT_CONVERSION = YES;
				CLANG_WARN_DEPRECATED_OBJC_IMPLEMENTATIONS = YES;
				CLANG_WARN_DIRECT_OBJC_ISA_USAGE = YES_ERROR;
				CLANG_WARN_DOCUMENTATION_COMMENTS = YES;
				CLANG_WARN_EMPTY_BODY = YES;
				CLANG_WARN_ENUM_CONVERSION = YES;
				CLANG_WARN_INFINITE_RECURSION = YES;
				CLANG_WARN_INT_CONVERSION = YES;
				CLANG_WARN_NON_LITERAL_NULL_CONVERSION = YES;
				CLANG_WARN_OBJC_IMPLICIT_RETAIN_SELF = YES;
				CLANG_WARN_OBJC_LITERAL_CONVERSION = YES;
				CLANG_WARN_OBJC_ROOT_CLASS = YES_ERROR;
				CLANG_WARN_QUOTED_INCLUDE_IN_FRAMEWORK_HEADER = YES;
				CLANG_WARN_RANGE_LOOP_ANALYSIS = YES;
				CLANG_WARN_STRICT_PROTOTYPES = YES;
				CLANG_WARN_SUSPICIOUS_MOVE = YES;
				CLANG_WARN_UNGUARDED_AVAILABILITY = YES_AGGRESSIVE;
				CLANG_WARN_UNREACHABLE_CODE = YES;
				CLANG_WARN__DUPLICATE_METHOD_MATCH = YES;
				COPY_PHASE_STRIP = NO;
				DEBUG_INFORMATION_FORMAT = dwarf;
				ENABLE_STRICT_OBJC_MSGSEND = YES;
				ENABLE_TESTABILITY = YES;
				GCC_C_LANGUAGE_STANDARD = gnu11;
				GCC_DYNAMIC_NO_PIC = NO;
				GCC_NO_COMMON_BLOCKS = YES;
				GCC_OPTIMIZATION_LEVEL = 0;
				GCC_PREPROCESSOR_DEFINITIONS = (
					"DEBUG=1",
					"$(inherited)",
				);
				GCC_WARN_64_TO_32_BIT_CONVERSION = YES;
				GCC_WARN_ABOUT_RETURN_TYPE = YES_ERROR;
				GCC_WARN_UNDECLARED_SELECTOR = YES;
				GCC_WARN_UNINITIALIZED_AUTOS = YES_AGGRESSIVE;
				GCC_WARN_UNUSED_FUNCTION = YES;
				GCC_WARN_UNUSED_VARIABLE = YES;
				MACOSX_DEPLOYMENT_TARGET = 11.6;
				MTL_ENABLE_DEBUG_INFO = INCLUDE_SOURCE;
				MTL_FAST_MATH = YES;
				ONLY_ACTIVE_ARCH = YES;
				SDKROOT = macosx;
				SWIFT_ACTIVE_COMPILATION_CONDITIONS = DEBUG;
				SWIFT_OPTIMIZATION_LEVEL = "-Onone";
			};
			name = Debug;
		};
		5B88F88227698B4300BFF650 /* Release */ = {
			isa = XCBuildConfiguration;
			buildSettings = {
				ALWAYS_SEARCH_USER_PATHS = NO;
				CLANG_ANALYZER_NONNULL = YES;
				CLANG_ANALYZER_NUMBER_OBJECT_CONVERSION = YES_AGGRESSIVE;
				CLANG_CXX_LANGUAGE_STANDARD = "gnu++17";
				CLANG_CXX_LIBRARY = "libc++";
				CLANG_ENABLE_MODULES = YES;
				CLANG_ENABLE_OBJC_ARC = YES;
				CLANG_ENABLE_OBJC_WEAK = YES;
				CLANG_WARN_BLOCK_CAPTURE_AUTORELEASING = YES;
				CLANG_WARN_BOOL_CONVERSION = YES;
				CLANG_WARN_COMMA = YES;
				CLANG_WARN_CONSTANT_CONVERSION = YES;
				CLANG_WARN_DEPRECATED_OBJC_IMPLEMENTATIONS = YES;
				CLANG_WARN_DIRECT_OBJC_ISA_USAGE = YES_ERROR;
				CLANG_WARN_DOCUMENTATION_COMMENTS = YES;
				CLANG_WARN_EMPTY_BODY = YES;
				CLANG_WARN_ENUM_CONVERSION = YES;
				CLANG_WARN_INFINITE_RECURSION = YES;
				CLANG_WARN_INT_CONVERSION = YES;
				CLANG_WARN_NON_LITERAL_NULL_CONVERSION = YES;
				CLANG_WARN_OBJC_IMPLICIT_RETAIN_SELF = YES;
				CLANG_WARN_OBJC_LITERAL_CONVERSION = YES;
				CLANG_WARN_OBJC_ROOT_CLASS = YES_ERROR;
				CLANG_WARN_QUOTED_INCLUDE_IN_FRAMEWORK_HEADER = YES;
				CLANG_WARN_RANGE_LOOP_ANALYSIS = YES;
				CLANG_WARN_STRICT_PROTOTYPES = YES;
				CLANG_WARN_SUSPICIOUS_MOVE = YES;
				CLANG_WARN_UNGUARDED_AVAILABILITY = YES_AGGRESSIVE;
				CLANG_WARN_UNREACHABLE_CODE = YES;
				CLANG_WARN__DUPLICATE_METHOD_MATCH = YES;
				COPY_PHASE_STRIP = NO;
				DEBUG_INFORMATION_FORMAT = "dwarf-with-dsym";
				ENABLE_NS_ASSERTIONS = NO;
				ENABLE_STRICT_OBJC_MSGSEND = YES;
				GCC_C_LANGUAGE_STANDARD = gnu11;
				GCC_NO_COMMON_BLOCKS = YES;
				GCC_WARN_64_TO_32_BIT_CONVERSION = YES;
				GCC_WARN_ABOUT_RETURN_TYPE = YES_ERROR;
				GCC_WARN_UNDECLARED_SELECTOR = YES;
				GCC_WARN_UNINITIALIZED_AUTOS = YES_AGGRESSIVE;
				GCC_WARN_UNUSED_FUNCTION = YES;
				GCC_WARN_UNUSED_VARIABLE = YES;
				MACOSX_DEPLOYMENT_TARGET = 11.6;
				MTL_ENABLE_DEBUG_INFO = NO;
				MTL_FAST_MATH = YES;
				SDKROOT = macosx;
				SWIFT_COMPILATION_MODE = wholemodule;
				SWIFT_OPTIMIZATION_LEVEL = "-O";
			};
			name = Release;
		};
		5B88F88427698B4300BFF650 /* Debug */ = {
			isa = XCBuildConfiguration;
			buildSettings = {
				CODE_SIGN_STYLE = Automatic;
				DEVELOPMENT_TEAM = QNMCTRKH9M;
				ENABLE_HARDENED_RUNTIME = YES;
				PRODUCT_NAME = "$(TARGET_NAME)";
				SWIFT_VERSION = 5.0;
			};
			name = Debug;
		};
		5B88F88527698B4300BFF650 /* Release */ = {
			isa = XCBuildConfiguration;
			buildSettings = {
				CODE_SIGN_STYLE = Automatic;
				DEVELOPMENT_TEAM = QNMCTRKH9M;
				ENABLE_HARDENED_RUNTIME = YES;
				PRODUCT_NAME = "$(TARGET_NAME)";
				SWIFT_VERSION = 5.0;
			};
			name = Release;
		};
/* End XCBuildConfiguration section */

/* Begin XCConfigurationList section */
		5B88F87727698B4300BFF650 /* Build configuration list for PBXProject "SwiftDemo" */ = {
			isa = XCConfigurationList;
			buildConfigurations = (
				5B88F88127698B4300BFF650 /* Debug */,
				5B88F88227698B4300BFF650 /* Release */,
			);
			defaultConfigurationIsVisible = 0;
			defaultConfigurationName = Release;
		};
		5B88F88327698B4300BFF650 /* Build configuration list for PBXNativeTarget "SwiftDemo" */ = {
			isa = XCConfigurationList;
			buildConfigurations = (
				5B88F88427698B4300BFF650 /* Debug */,
				5B88F88527698B4300BFF650 /* Release */,
			);
			defaultConfigurationIsVisible = 0;
			defaultConfigurationName = Release;
		};
/* End XCConfigurationList section */
	};
	rootObject = 5B88F87427698B4300BFF650 /* Project object */;
}
